// !$*UTF8*$!
{
	archiveVersion = 1;
	classes = {
	};
	objectVersion = 46;
	objects = {

/* Begin PBXBuildFile section */
		546904F11A724DF5002ACA1A /* AppDelegate.swift in Sources */ = {isa = PBXBuildFile; fileRef = 546904F01A724DF5002ACA1A /* AppDelegate.swift */; };
		546904F31A724DF5002ACA1A /* ViewController.swift in Sources */ = {isa = PBXBuildFile; fileRef = 546904F21A724DF5002ACA1A /* ViewController.swift */; };
		546904F61A724DF5002ACA1A /* Main.storyboard in Resources */ = {isa = PBXBuildFile; fileRef = 546904F41A724DF5002ACA1A /* Main.storyboard */; };
		546904F81A724DF5002ACA1A /* Images.xcassets in Resources */ = {isa = PBXBuildFile; fileRef = 546904F71A724DF5002ACA1A /* Images.xcassets */; };
		546904FB1A724DF5002ACA1A /* LaunchScreen.xib in Resources */ = {isa = PBXBuildFile; fileRef = 546904F91A724DF5002ACA1A /* LaunchScreen.xib */; };
		546905071A724DF5002ACA1A /* WeLoveAutolayoutTests.swift in Sources */ = {isa = PBXBuildFile; fileRef = 546905061A724DF5002ACA1A /* WeLoveAutolayoutTests.swift */; };
/* End PBXBuildFile section */

/* Begin PBXContainerItemProxy section */
		546905011A724DF5002ACA1A /* PBXContainerItemProxy */ = {
			isa = PBXContainerItemProxy;
			containerPortal = 546904E31A724DF5002ACA1A /* Project object */;
			proxyType = 1;
			remoteGlobalIDString = 546904EA1A724DF5002ACA1A;
			remoteInfo = WeLoveAutolayout;
		};
/* End PBXContainerItemProxy section */

/* Begin PBXFileReference section */
		546904EB1A724DF5002ACA1A /* WeLoveAutolayout.app */ = {isa = PBXFileReference; explicitFileType = wrapper.application; includeInIndex = 0; path = WeLoveAutolayout.app; sourceTree = BUILT_PRODUCTS_DIR; };
		546904EF1A724DF5002ACA1A /* Info.plist */ = {isa = PBXFileReference; lastKnownFileType = text.plist.xml; path = Info.plist; sourceTree = "<group>"; };
		546904F01A724DF5002ACA1A /* AppDelegate.swift */ = {isa = PBXFileReference; lastKnownFileType = sourcecode.swift; path = AppDelegate.swift; sourceTree = "<group>"; };
		546904F21A724DF5002ACA1A /* ViewController.swift */ = {isa = PBXFileReference; lastKnownFileType = sourcecode.swift; path = ViewController.swift; sourceTree = "<group>"; };
		546904F51A724DF5002ACA1A /* Base */ = {isa = PBXFileReference; lastKnownFileType = file.storyboard; name = Base; path = Base.lproj/Main.storyboard; sourceTree = "<group>"; };
		546904F71A724DF5002ACA1A /* Images.xcassets */ = {isa = PBXFileReference; lastKnownFileType = folder.assetcatalog; path = Images.xcassets; sourceTree = "<group>"; };
		546904FA1A724DF5002ACA1A /* Base */ = {isa = PBXFileReference; lastKnownFileType = file.xib; name = Base; path = Base.lproj/LaunchScreen.xib; sourceTree = "<group>"; };
		546905001A724DF5002ACA1A /* WeLoveAutolayoutTests.xctest */ = {isa = PBXFileReference; explicitFileType = wrapper.cfbundle; includeInIndex = 0; path = WeLoveAutolayoutTests.xctest; sourceTree = BUILT_PRODUCTS_DIR; };
		546905051A724DF5002ACA1A /* Info.plist */ = {isa = PBXFileReference; lastKnownFileType = text.plist.xml; path = Info.plist; sourceTree = "<group>"; };
		546905061A724DF5002ACA1A /* WeLoveAutolayoutTests.swift */ = {isa = PBXFileReference; lastKnownFileType = sourcecode.swift; path = WeLoveAutolayoutTests.swift; sourceTree = "<group>"; };
/* End PBXFileReference section */

/* Begin PBXFrameworksBuildPhase section */
		546904E81A724DF5002ACA1A /* Frameworks */ = {
			isa = PBXFrameworksBuildPhase;
			buildActionMask = 2147483647;
			files = (
			);
			runOnlyForDeploymentPostprocessing = 0;
		};
		546904FD1A724DF5002ACA1A /* Frameworks */ = {
			isa = PBXFrameworksBuildPhase;
			buildActionMask = 2147483647;
			files = (
			);
			runOnlyForDeploymentPostprocessing = 0;
		};
/* End PBXFrameworksBuildPhase section */

/* Begin PBXGroup section */
		546904E21A724DF5002ACA1A = {
			isa = PBXGroup;
			children = (
				546904ED1A724DF5002ACA1A /* WeLoveAutolayout */,
				546905031A724DF5002ACA1A /* WeLoveAutolayoutTests */,
				546904EC1A724DF5002ACA1A /* Products */,
			);
			sourceTree = "<group>";
		};
		546904EC1A724DF5002ACA1A /* Products */ = {
			isa = PBXGroup;
			children = (
				546904EB1A724DF5002ACA1A /* WeLoveAutolayout.app */,
				546905001A724DF5002ACA1A /* WeLoveAutolayoutTests.xctest */,
			);
			name = Products;
			sourceTree = "<group>";
		};
		546904ED1A724DF5002ACA1A /* WeLoveAutolayout */ = {
			isa = PBXGroup;
			children = (
				546904F01A724DF5002ACA1A /* AppDelegate.swift */,
				546904F21A724DF5002ACA1A /* ViewController.swift */,
				546904F41A724DF5002ACA1A /* Main.storyboard */,
				546904F71A724DF5002ACA1A /* Images.xcassets */,
				546904F91A724DF5002ACA1A /* LaunchScreen.xib */,
				546904EE1A724DF5002ACA1A /* Supporting Files */,
			);
			path = WeLoveAutolayout;
			sourceTree = "<group>";
		};
		546904EE1A724DF5002ACA1A /* Supporting Files */ = {
			isa = PBXGroup;
			children = (
				546904EF1A724DF5002ACA1A /* Info.plist */,
			);
			name = "Supporting Files";
			sourceTree = "<group>";
		};
		546905031A724DF5002ACA1A /* WeLoveAutolayoutTests */ = {
			isa = PBXGroup;
			children = (
				546905061A724DF5002ACA1A /* WeLoveAutolayoutTests.swift */,
				546905041A724DF5002ACA1A /* Supporting Files */,
			);
			path = WeLoveAutolayoutTests;
			sourceTree = "<group>";
		};
		546905041A724DF5002ACA1A /* Supporting Files */ = {
			isa = PBXGroup;
			children = (
				546905051A724DF5002ACA1A /* Info.plist */,
			);
			name = "Supporting Files";
			sourceTree = "<group>";
		};
/* End PBXGroup section */

/* Begin PBXNativeTarget section */
		546904EA1A724DF5002ACA1A /* WeLoveAutolayout */ = {
			isa = PBXNativeTarget;
			buildConfigurationList = 5469050A1A724DF5002ACA1A /* Build configuration list for PBXNativeTarget "WeLoveAutolayout" */;
			buildPhases = (
				546904E71A724DF5002ACA1A /* Sources */,
				546904E81A724DF5002ACA1A /* Frameworks */,
				546904E91A724DF5002ACA1A /* Resources */,
			);
			buildRules = (
			);
			dependencies = (
			);
			name = WeLoveAutolayout;
			productName = WeLoveAutolayout;
			productReference = 546904EB1A724DF5002ACA1A /* WeLoveAutolayout.app */;
			productType = "com.apple.product-type.application";
		};
		546904FF1A724DF5002ACA1A /* WeLoveAutolayoutTests */ = {
			isa = PBXNativeTarget;
			buildConfigurationList = 5469050D1A724DF5002ACA1A /* Build configuration list for PBXNativeTarget "WeLoveAutolayoutTests" */;
			buildPhases = (
				546904FC1A724DF5002ACA1A /* Sources */,
				546904FD1A724DF5002ACA1A /* Frameworks */,
				546904FE1A724DF5002ACA1A /* Resources */,
			);
			buildRules = (
			);
			dependencies = (
				546905021A724DF5002ACA1A /* PBXTargetDependency */,
			);
			name = WeLoveAutolayoutTests;
			productName = WeLoveAutolayoutTests;
			productReference = 546905001A724DF5002ACA1A /* WeLoveAutolayoutTests.xctest */;
			productType = "com.apple.product-type.bundle.unit-test";
		};
/* End PBXNativeTarget section */

/* Begin PBXProject section */
		546904E31A724DF5002ACA1A /* Project object */ = {
			isa = PBXProject;
			attributes = {
				LastSwiftUpdateCheck = 0710;
				LastUpgradeCheck = 0620;
				ORGANIZATIONNAME = "Flori & Andy";
				TargetAttributes = {
					546904EA1A724DF5002ACA1A = {
						CreatedOnToolsVersion = 6.2;
					};
					546904FF1A724DF5002ACA1A = {
						CreatedOnToolsVersion = 6.2;
						TestTargetID = 546904EA1A724DF5002ACA1A;
					};
				};
			};
			buildConfigurationList = 546904E61A724DF5002ACA1A /* Build configuration list for PBXProject "WeLoveAutolayout" */;
			compatibilityVersion = "Xcode 3.2";
			developmentRegion = English;
			hasScannedForEncodings = 0;
			knownRegions = (
				en,
				Base,
			);
			mainGroup = 546904E21A724DF5002ACA1A;
			productRefGroup = 546904EC1A724DF5002ACA1A /* Products */;
			projectDirPath = "";
			projectRoot = "";
			targets = (
				546904EA1A724DF5002ACA1A /* WeLoveAutolayout */,
				546904FF1A724DF5002ACA1A /* WeLoveAutolayoutTests */,
			);
		};
/* End PBXProject section */

/* Begin PBXResourcesBuildPhase section */
		546904E91A724DF5002ACA1A /* Resources */ = {
			isa = PBXResourcesBuildPhase;
			buildActionMask = 2147483647;
			files = (
				546904F61A724DF5002ACA1A /* Main.storyboard in Resources */,
				546904FB1A724DF5002ACA1A /* LaunchScreen.xib in Resources */,
				546904F81A724DF5002ACA1A /* Images.xcassets in Resources */,
			);
			runOnlyForDeploymentPostprocessing = 0;
		};
		546904FE1A724DF5002ACA1A /* Resources */ = {
			isa = PBXResourcesBuildPhase;
			buildActionMask = 2147483647;
			files = (
			);
			runOnlyForDeploymentPostprocessing = 0;
		};
/* End PBXResourcesBuildPhase section */

/* Begin PBXSourcesBuildPhase section */
		546904E71A724DF5002ACA1A /* Sources */ = {
			isa = PBXSourcesBuildPhase;
			buildActionMask = 2147483647;
			files = (
				546904F31A724DF5002ACA1A /* ViewController.swift in Sources */,
				546904F11A724DF5002ACA1A /* AppDelegate.swift in Sources */,
			);
			runOnlyForDeploymentPostprocessing = 0;
		};
		546904FC1A724DF5002ACA1A /* Sources */ = {
			isa = PBXSourcesBuildPhase;
			buildActionMask = 2147483647;
			files = (
				546905071A724DF5002ACA1A /* WeLoveAutolayoutTests.swift in Sources */,
			);
			runOnlyForDeploymentPostprocessing = 0;
		};
/* End PBXSourcesBuildPhase section */

/* Begin PBXTargetDependency section */
		546905021A724DF5002ACA1A /* PBXTargetDependency */ = {
			isa = PBXTargetDependency;
			target = 546904EA1A724DF5002ACA1A /* WeLoveAutolayout */;
			targetProxy = 546905011A724DF5002ACA1A /* PBXContainerItemProxy */;
		};
/* End PBXTargetDependency section */

/* Begin PBXVariantGroup section */
		546904F41A724DF5002ACA1A /* Main.storyboard */ = {
			isa = PBXVariantGroup;
			children = (
				546904F51A724DF5002ACA1A /* Base */,
			);
			name = Main.storyboard;
			sourceTree = "<group>";
		};
		546904F91A724DF5002ACA1A /* LaunchScreen.xib */ = {
			isa = PBXVariantGroup;
			children = (
				546904FA1A724DF5002ACA1A /* Base */,
			);
			name = LaunchScreen.xib;
			sourceTree = "<group>";
		};
/* End PBXVariantGroup section */

/* Begin XCBuildConfiguration section */
		546905081A724DF5002ACA1A /* Debug */ = {
			isa = XCBuildConfiguration;
			buildSettings = {
				ALWAYS_SEARCH_USER_PATHS = NO;
				CLANG_CXX_LANGUAGE_STANDARD = "gnu++0x";
				CLANG_CXX_LIBRARY = "libc++";
				CLANG_ENABLE_MODULES = YES;
				CLANG_ENABLE_OBJC_ARC = YES;
				CLANG_WARN_BOOL_CONVERSION = YES;
				CLANG_WARN_CONSTANT_CONVERSION = YES;
				CLANG_WARN_DIRECT_OBJC_ISA_USAGE = YES_ERROR;
				CLANG_WARN_EMPTY_BODY = YES;
				CLANG_WARN_ENUM_CONVERSION = YES;
				CLANG_WARN_INT_CONVERSION = YES;
				CLANG_WARN_OBJC_ROOT_CLASS = YES_ERROR;
				CLANG_WARN_UNREACHABLE_CODE = YES;
				CLANG_WARN__DUPLICATE_METHOD_MATCH = YES;
				"CODE_SIGN_IDENTITY[sdk=iphoneos*]" = "iPhone Developer";
				COPY_PHASE_STRIP = NO;
				ENABLE_STRICT_OBJC_MSGSEND = YES;
				GCC_C_LANGUAGE_STANDARD = gnu99;
				GCC_DYNAMIC_NO_PIC = NO;
				GCC_OPTIMIZATION_LEVEL = 0;
				GCC_PREPROCESSOR_DEFINITIONS = (
					"DEBUG=1",
					"$(inherited)",
				);
				GCC_SYMBOLS_PRIVATE_EXTERN = NO;
				GCC_WARN_64_TO_32_BIT_CONVERSION = YES;
				GCC_WARN_ABOUT_RETURN_TYPE = YES_ERROR;
				GCC_WARN_UNDECLARED_SELECTOR = YES;
				GCC_WARN_UNINITIALIZED_AUTOS = YES_AGGRESSIVE;
				GCC_WARN_UNUSED_FUNCTION = YES;
				GCC_WARN_UNUSED_VARIABLE = YES;
				IPHONEOS_DEPLOYMENT_TARGET = 8.2;
				MTL_ENABLE_DEBUG_INFO = YES;
				ONLY_ACTIVE_ARCH = YES;
				SDKROOT = iphoneos;
				SWIFT_OPTIMIZATION_LEVEL = "-Onone";
				TARGETED_DEVICE_FAMILY = "1,2";
			};
			name = Debug;
		};
		546905091A724DF5002ACA1A /* Release */ = {
			isa = XCBuildConfiguration;
			buildSettings = {
				ALWAYS_SEARCH_USER_PATHS = NO;
				CLANG_CXX_LANGUAGE_STANDARD = "gnu++0x";
				CLANG_CXX_LIBRARY = "libc++";
				CLANG_ENABLE_MODULES = YES;
				CLANG_ENABLE_OBJC_ARC = YES;
				CLANG_WARN_BOOL_CONVERSION = YES;
				CLANG_WARN_CONSTANT_CONVERSION = YES;
				CLANG_WARN_DIRECT_OBJC_ISA_USAGE = YES_ERROR;
				CLANG_WARN_EMPTY_BODY = YES;
				CLANG_WARN_ENUM_CONVERSION = YES;
				CLANG_WARN_INT_CONVERSION = YES;
				CLANG_WARN_OBJC_ROOT_CLASS = YES_ERROR;
				CLANG_WARN_UNREACHABLE_CODE = YES;
				CLANG_WARN__DUPLICATE_METHOD_MATCH = YES;
				"CODE_SIGN_IDENTITY[sdk=iphoneos*]" = "iPhone Developer";
				COPY_PHASE_STRIP = NO;
				ENABLE_NS_ASSERTIONS = NO;
				ENABLE_STRICT_OBJC_MSGSEND = YES;
				GCC_C_LANGUAGE_STANDARD = gnu99;
				GCC_WARN_64_TO_32_BIT_CONVERSION = YES;
				GCC_WARN_ABOUT_RETURN_TYPE = YES_ERROR;
				GCC_WARN_UNDECLARED_SELECTOR = YES;
				GCC_WARN_UNINITIALIZED_AUTOS = YES_AGGRESSIVE;
				GCC_WARN_UNUSED_FUNCTION = YES;
				GCC_WARN_UNUSED_VARIABLE = YES;
				IPHONEOS_DEPLOYMENT_TARGET = 8.2;
				MTL_ENABLE_DEBUG_INFO = NO;
				SDKROOT = iphoneos;
				TARGETED_DEVICE_FAMILY = "1,2";
				VALIDATE_PRODUCT = YES;
			};
			name = Release;
		};
		5469050B1A724DF5002ACA1A /* Debug */ = {
			isa = XCBuildConfiguration;
			buildSettings = {
				ASSETCATALOG_COMPILER_APPICON_NAME = AppIcon;
				INFOPLIST_FILE = WeLoveAutolayout/Info.plist;
				LD_RUNPATH_SEARCH_PATHS = "$(inherited) @executable_path/Frameworks";
				PRODUCT_NAME = "$(TARGET_NAME)";
			};
			name = Debug;
		};
		5469050C1A724DF5002ACA1A /* Release */ = {
			isa = XCBuildConfiguration;
			buildSettings = {
				ASSETCATALOG_COMPILER_APPICON_NAME = AppIcon;
				INFOPLIST_FILE = WeLoveAutolayout/Info.plist;
				LD_RUNPATH_SEARCH_PATHS = "$(inherited) @executable_path/Frameworks";
				PRODUCT_NAME = "$(TARGET_NAME)";
			};
			name = Release;
		};
		5469050E1A724DF5002ACA1A /* Debug */ = {
			isa = XCBuildConfiguration;
			buildSettings = {
				BUNDLE_LOADER = "$(TEST_HOST)";
				FRAMEWORK_SEARCH_PATHS = (
					"$(SDKROOT)/Developer/Library/Frameworks",
					"$(inherited)",
				);
				GCC_PREPROCESSOR_DEFINITIONS = (
					"DEBUG=1",
					"$(inherited)",
				);
				INFOPLIST_FILE = WeLoveAutolayoutTests/Info.plist;
				LD_RUNPATH_SEARCH_PATHS = "$(inherited) @executable_path/Frameworks @loader_path/Frameworks";
				PRODUCT_NAME = "$(TARGET_NAME)";
				TEST_HOST = "$(BUILT_PRODUCTS_DIR)/WeLoveAutolayout.app/WeLoveAutolayout";
			};
			name = Debug;
		};
		5469050F1A724DF5002ACA1A /* Release */ = {
			isa = XCBuildConfiguration;
			buildSettings = {
				BUNDLE_LOADER = "$(TEST_HOST)";
				FRAMEWORK_SEARCH_PATHS = (
					"$(SDKROOT)/Developer/Library/Frameworks",
					"$(inherited)",
				);
				INFOPLIST_FILE = WeLoveAutolayoutTests/Info.plist;
				LD_RUNPATH_SEARCH_PATHS = "$(inherited) @executable_path/Frameworks @loader_path/Frameworks";
				PRODUCT_NAME = "$(TARGET_NAME)";
				TEST_HOST = "$(BUILT_PRODUCTS_DIR)/WeLoveAutolayout.app/WeLoveAutolayout";
			};
			name = Release;
		};
/* End XCBuildConfiguration section */

/* Begin XCConfigurationList section */
		546904E61A724DF5002ACA1A /* Build configuration list for PBXProject "WeLoveAutolayout" */ = {
			isa = XCConfigurationList;
			buildConfigurations = (
				546905081A724DF5002ACA1A /* Debug */,
				546905091A724DF5002ACA1A /* Release */,
			);
			defaultConfigurationIsVisible = 0;
			defaultConfigurationName = Release;
		};
		5469050A1A724DF5002ACA1A /* Build configuration list for PBXNativeTarget "WeLoveAutolayout" */ = {
			isa = XCConfigurationList;
			buildConfigurations = (
				5469050B1A724DF5002ACA1A /* Debug */,
				5469050C1A724DF5002ACA1A /* Release */,
			);
			defaultConfigurationIsVisible = 0;
			defaultConfigurationName = Release;
		};
		5469050D1A724DF5002ACA1A /* Build configuration list for PBXNativeTarget "WeLoveAutolayoutTests" */ = {
			isa = XCConfigurationList;
			buildConfigurations = (
				5469050E1A724DF5002ACA1A /* Debug */,
				5469050F1A724DF5002ACA1A /* Release */,
			);
			defaultConfigurationIsVisible = 0;
			defaultConfigurationName = Release;
		};
/* End XCConfigurationList section */
	};
	rootObject = 546904E31A724DF5002ACA1A /* Project object */;
}
