// !$*UTF8*$!
{
	archiveVersion = 1;
	classes = {
	};
	objectVersion = 46;
	objects = {

/* Begin PBXBuildFile section */
		545088AC1C0734C30031C946 /* AppDelegate.swift in Sources */ = {isa = PBXBuildFile; fileRef = 545088AB1C0734C30031C946 /* AppDelegate.swift */; };
		545088AE1C0734C30031C946 /* ViewController.swift in Sources */ = {isa = PBXBuildFile; fileRef = 545088AD1C0734C30031C946 /* ViewController.swift */; };
		545088B11C0734C30031C946 /* Main.storyboard in Resources */ = {isa = PBXBuildFile; fileRef = 545088AF1C0734C30031C946 /* Main.storyboard */; };
		545088B31C0734C30031C946 /* Assets.xcassets in Resources */ = {isa = PBXBuildFile; fileRef = 545088B21C0734C30031C946 /* Assets.xcassets */; };
		545088B61C0734C30031C946 /* LaunchScreen.storyboard in Resources */ = {isa = PBXBuildFile; fileRef = 545088B41C0734C30031C946 /* LaunchScreen.storyboard */; };
/* End PBXBuildFile section */

/* Begin PBXFileReference section */
		545088A81C0734C30031C946 /* AdaptiveInterfaces.app */ = {isa = PBXFileReference; explicitFileType = wrapper.application; includeInIndex = 0; path = AdaptiveInterfaces.app; sourceTree = BUILT_PRODUCTS_DIR; };
		545088AB1C0734C30031C946 /* AppDelegate.swift */ = {isa = PBXFileReference; lastKnownFileType = sourcecode.swift; path = AppDelegate.swift; sourceTree = "<group>"; };
		545088AD1C0734C30031C946 /* ViewController.swift */ = {isa = PBXFileReference; lastKnownFileType = sourcecode.swift; path = ViewController.swift; sourceTree = "<group>"; };
		545088B01C0734C30031C946 /* Base */ = {isa = PBXFileReference; lastKnownFileType = file.storyboard; name = Base; path = Base.lproj/Main.storyboard; sourceTree = "<group>"; };
		545088B21C0734C30031C946 /* Assets.xcassets */ = {isa = PBXFileReference; lastKnownFileType = folder.assetcatalog; path = Assets.xcassets; sourceTree = "<group>"; };
		545088B51C0734C30031C946 /* Base */ = {isa = PBXFileReference; lastKnownFileType = file.storyboard; name = Base; path = Base.lproj/LaunchScreen.storyboard; sourceTree = "<group>"; };
		545088B71C0734C30031C946 /* Info.plist */ = {isa = PBXFileReference; lastKnownFileType = text.plist.xml; path = Info.plist; sourceTree = "<group>"; };
/* End PBXFileReference section */

/* Begin PBXFrameworksBuildPhase section */
		545088A51C0734C30031C946 /* Frameworks */ = {
			isa = PBXFrameworksBuildPhase;
			buildActionMask = 2147483647;
			files = (
			);
			runOnlyForDeploymentPostprocessing = 0;
		};
/* End PBXFrameworksBuildPhase section */

/* Begin PBXGroup section */
		5450889F1C0734C30031C946 = {
			isa = PBXGroup;
			children = (
				545088AA1C0734C30031C946 /* AdaptiveInterfaces */,
				545088A91C0734C30031C946 /* Products */,
			);
			sourceTree = "<group>";
		};
		545088A91C0734C30031C946 /* Products */ = {
			isa = PBXGroup;
			children = (
				545088A81C0734C30031C946 /* AdaptiveInterfaces.app */,
			);
			name = Products;
			sourceTree = "<group>";
		};
		545088AA1C0734C30031C946 /* AdaptiveInterfaces */ = {
			isa = PBXGroup;
			children = (
				545088AB1C0734C30031C946 /* AppDelegate.swift */,
				545088AD1C0734C30031C946 /* ViewController.swift */,
				545088AF1C0734C30031C946 /* Main.storyboard */,
				545088B21C0734C30031C946 /* Assets.xcassets */,
				545088B41C0734C30031C946 /* LaunchScreen.storyboard */,
				545088B71C0734C30031C946 /* Info.plist */,
			);
			path = AdaptiveInterfaces;
			sourceTree = "<group>";
		};
/* End PBXGroup section */

/* Begin PBXNativeTarget section */
		545088A71C0734C30031C946 /* AdaptiveInterfaces */ = {
			isa = PBXNativeTarget;
			buildConfigurationList = 545088BA1C0734C30031C946 /* Build configuration list for PBXNativeTarget "AdaptiveInterfaces" */;
			buildPhases = (
				545088A41C0734C30031C946 /* Sources */,
				545088A51C0734C30031C946 /* Frameworks */,
				545088A61C0734C30031C946 /* Resources */,
			);
			buildRules = (
			);
			dependencies = (
			);
			name = AdaptiveInterfaces;
			productName = AdaptiveInterfaces;
			productReference = 545088A81C0734C30031C946 /* AdaptiveInterfaces.app */;
			productType = "com.apple.product-type.application";
		};
/* End PBXNativeTarget section */

/* Begin PBXProject section */
		545088A01C0734C30031C946 /* Project object */ = {
			isa = PBXProject;
			attributes = {
				LastSwiftUpdateCheck = 0710;
				LastUpgradeCheck = 0710;
				ORGANIZATIONNAME = "Flori & Andy";
				TargetAttributes = {
					545088A71C0734C30031C946 = {
						CreatedOnToolsVersion = 7.1.1;
					};
				};
			};
			buildConfigurationList = 545088A31C0734C30031C946 /* Build configuration list for PBXProject "AdaptiveInterfaces" */;
			compatibilityVersion = "Xcode 3.2";
			developmentRegion = English;
			hasScannedForEncodings = 0;
			knownRegions = (
				en,
				Base,
			);
			mainGroup = 5450889F1C0734C30031C946;
			productRefGroup = 545088A91C0734C30031C946 /* Products */;
			projectDirPath = "";
			projectRoot = "";
			targets = (
				545088A71C0734C30031C946 /* AdaptiveInterfaces */,
			);
		};
/* End PBXProject section */

/* Begin PBXResourcesBuildPhase section */
		545088A61C0734C30031C946 /* Resources */ = {
			isa = PBXResourcesBuildPhase;
			buildActionMask = 2147483647;
			files = (
				545088B61C0734C30031C946 /* LaunchScreen.storyboard in Resources */,
				545088B31C0734C30031C946 /* Assets.xcassets in Resources */,
				545088B11C0734C30031C946 /* Main.storyboard in Resources */,
			);
			runOnlyForDeploymentPostprocessing = 0;
		};
/* End PBXResourcesBuildPhase section */

/* Begin PBXSourcesBuildPhase section */
		545088A41C0734C30031C946 /* Sources */ = {
			isa = PBXSourcesBuildPhase;
			buildActionMask = 2147483647;
			files = (
				545088AE1C0734C30031C946 /* ViewController.swift in Sources */,
				545088AC1C0734C30031C946 /* AppDelegate.swift in Sources */,
			);
			runOnlyForDeploymentPostprocessing = 0;
		};
/* End PBXSourcesBuildPhase section */

/* Begin PBXVariantGroup section */
		545088AF1C0734C30031C946 /* Main.storyboard */ = {
			isa = PBXVariantGroup;
			children = (
				545088B01C0734C30031C946 /* Base */,
			);
			name = Main.storyboard;
			sourceTree = "<group>";
		};
		545088B41C0734C30031C946 /* LaunchScreen.storyboard */ = {
			isa = PBXVariantGroup;
			children = (
				545088B51C0734C30031C946 /* Base */,
			);
			name = LaunchScreen.storyboard;
			sourceTree = "<group>";
		};
/* End PBXVariantGroup section */

/* Begin XCBuildConfiguration section */
		545088B81C0734C30031C946 /* Debug */ = {
			isa = XCBuildConfiguration;
			buildSettings = {
				ALWAYS_SEARCH_USER_PATHS = NO;
				CLANG_CXX_LANGUAGE_STANDARD = "gnu++0x";
				CLANG_CXX_LIBRARY = "libc++";
				CLANG_ENABLE_MODULES = YES;
				CLANG_ENABLE_OBJC_ARC = YES;
				CLANG_WARN_BOOL_CONVERSION = YES;
				CLANG_WARN_CONSTANT_CONVERSION = YES;
				CLANG_WARN_DIRECT_OBJC_ISA_USAGE = YES_ERROR;
				CLANG_WARN_EMPTY_BODY = YES;
				CLANG_WARN_ENUM_CONVERSION = YES;
				CLANG_WARN_INT_CONVERSION = YES;
				CLANG_WARN_OBJC_ROOT_CLASS = YES_ERROR;
				CLANG_WARN_UNREACHABLE_CODE = YES;
				CLANG_WARN__DUPLICATE_METHOD_MATCH = YES;
				"CODE_SIGN_IDENTITY[sdk=iphoneos*]" = "iPhone Developer";
				COPY_PHASE_STRIP = NO;
				DEBUG_INFORMATION_FORMAT = dwarf;
				ENABLE_STRICT_OBJC_MSGSEND = YES;
				ENABLE_TESTABILITY = YES;
				GCC_C_LANGUAGE_STANDARD = gnu99;
				GCC_DYNAMIC_NO_PIC = NO;
				GCC_NO_COMMON_BLOCKS = YES;
				GCC_OPTIMIZATION_LEVEL = 0;
				GCC_PREPROCESSOR_DEFINITIONS = (
					"DEBUG=1",
					"$(inherited)",
				);
				GCC_WARN_64_TO_32_BIT_CONVERSION = YES;
				GCC_WARN_ABOUT_RETURN_TYPE = YES_ERROR;
				GCC_WARN_UNDECLARED_SELECTOR = YES;
				GCC_WARN_UNINITIALIZED_AUTOS = YES_AGGRESSIVE;
				GCC_WARN_UNUSED_FUNCTION = YES;
				GCC_WARN_UNUSED_VARIABLE = YES;
				IPHONEOS_DEPLOYMENT_TARGET = 9.1;
				MTL_ENABLE_DEBUG_INFO = YES;
				ONLY_ACTIVE_ARCH = YES;
				SDKROOT = iphoneos;
				SWIFT_OPTIMIZATION_LEVEL = "-Onone";
				TARGETED_DEVICE_FAMILY = "1,2";
			};
			name = Debug;
		};
		545088B91C0734C30031C946 /* Release */ = {
			isa = XCBuildConfiguration;
			buildSettings = {
				ALWAYS_SEARCH_USER_PATHS = NO;
				CLANG_CXX_LANGUAGE_STANDARD = "gnu++0x";
				CLANG_CXX_LIBRARY = "libc++";
				CLANG_ENABLE_MODULES = YES;
				CLANG_ENABLE_OBJC_ARC = YES;
				CLANG_WARN_BOOL_CONVERSION = YES;
				CLANG_WARN_CONSTANT_CONVERSION = YES;
				CLANG_WARN_DIRECT_OBJC_ISA_USAGE = YES_ERROR;
				CLANG_WARN_EMPTY_BODY = YES;
				CLANG_WARN_ENUM_CONVERSION = YES;
				CLANG_WARN_INT_CONVERSION = YES;
				CLANG_WARN_OBJC_ROOT_CLASS = YES_ERROR;
				CLANG_WARN_UNREACHABLE_CODE = YES;
				CLANG_WARN__DUPLICATE_METHOD_MATCH = YES;
				"CODE_SIGN_IDENTITY[sdk=iphoneos*]" = "iPhone Developer";
				COPY_PHASE_STRIP = NO;
				DEBUG_INFORMATION_FORMAT = "dwarf-with-dsym";
				ENABLE_NS_ASSERTIONS = NO;
				ENABLE_STRICT_OBJC_MSGSEND = YES;
				GCC_C_LANGUAGE_STANDARD = gnu99;
				GCC_NO_COMMON_BLOCKS = YES;
				GCC_WARN_64_TO_32_BIT_CONVERSION = YES;
				GCC_WARN_ABOUT_RETURN_TYPE = YES_ERROR;
				GCC_WARN_UNDECLARED_SELECTOR = YES;
				GCC_WARN_UNINITIALIZED_AUTOS = YES_AGGRESSIVE;
				GCC_WARN_UNUSED_FUNCTION = YES;
				GCC_WARN_UNUSED_VARIABLE = YES;
				IPHONEOS_DEPLOYMENT_TARGET = 9.1;
				MTL_ENABLE_DEBUG_INFO = NO;
				SDKROOT = iphoneos;
				TARGETED_DEVICE_FAMILY = "1,2";
				VALIDATE_PRODUCT = YES;
			};
			name = Release;
		};
		545088BB1C0734C30031C946 /* Debug */ = {
			isa = XCBuildConfiguration;
			buildSettings = {
				ASSETCATALOG_COMPILER_APPICON_NAME = AppIcon;
				INFOPLIST_FILE = AdaptiveInterfaces/Info.plist;
				LD_RUNPATH_SEARCH_PATHS = "$(inherited) @executable_path/Frameworks";
				PRODUCT_BUNDLE_IDENTIFIER = de.pandaandape.AdaptiveInterfaces;
				PRODUCT_NAME = "$(TARGET_NAME)";
			};
			name = Debug;
		};
		545088BC1C0734C30031C946 /* Release */ = {
			isa = XCBuildConfiguration;
			buildSettings = {
				ASSETCATALOG_COMPILER_APPICON_NAME = AppIcon;
				INFOPLIST_FILE = AdaptiveInterfaces/Info.plist;
				LD_RUNPATH_SEARCH_PATHS = "$(inherited) @executable_path/Frameworks";
				PRODUCT_BUNDLE_IDENTIFIER = de.pandaandape.AdaptiveInterfaces;
				PRODUCT_NAME = "$(TARGET_NAME)";
			};
			name = Release;
		};
/* End XCBuildConfiguration section */

/* Begin XCConfigurationList section */
		545088A31C0734C30031C946 /* Build configuration list for PBXProject "AdaptiveInterfaces" */ = {
			isa = XCConfigurationList;
			buildConfigurations = (
				545088B81C0734C30031C946 /* Debug */,
				545088B91C0734C30031C946 /* Release */,
			);
			defaultConfigurationIsVisible = 0;
			defaultConfigurationName = Release;
		};
		545088BA1C0734C30031C946 /* Build configuration list for PBXNativeTarget "AdaptiveInterfaces" */ = {
			isa = XCConfigurationList;
			buildConfigurations = (
				545088BB1C0734C30031C946 /* Debug */,
				545088BC1C0734C30031C946 /* Release */,
			);
			defaultConfigurationIsVisible = 0;
		};
/* End XCConfigurationList section */
	};
	rootObject = 545088A01C0734C30031C946 /* Project object */;
}
