// !$*UTF8*$!
{
	archiveVersion = 1;
	classes = {
	};
	objectVersion = 46;
	objects = {

/* Begin PBXBuildFile section */
		542F29C81C17194E00F25C43 /* AppDelegate.swift in Sources */ = {isa = PBXBuildFile; fileRef = 542F29C71C17194E00F25C43 /* AppDelegate.swift */; };
		542F29CA1C17194E00F25C43 /* ViewController.swift in Sources */ = {isa = PBXBuildFile; fileRef = 542F29C91C17194E00F25C43 /* ViewController.swift */; };
		542F29CD1C17194E00F25C43 /* Main.storyboard in Resources */ = {isa = PBXBuildFile; fileRef = 542F29CB1C17194E00F25C43 /* Main.storyboard */; };
		542F29CF1C17194E00F25C43 /* Assets.xcassets in Resources */ = {isa = PBXBuildFile; fileRef = 542F29CE1C17194E00F25C43 /* Assets.xcassets */; };
		542F29D21C17194E00F25C43 /* LaunchScreen.storyboard in Resources */ = {isa = PBXBuildFile; fileRef = 542F29D01C17194E00F25C43 /* LaunchScreen.storyboard */; };
		542F29FA1C1719CF00F25C43 /* MyAwesomeClass.m in Sources */ = {isa = PBXBuildFile; fileRef = 542F29F91C1719CF00F25C43 /* MyAwesomeClass.m */; };
/* End PBXBuildFile section */

/* Begin PBXFileReference section */
		542F29C41C17194E00F25C43 /* UsingObjcClassesInSwift.app */ = {isa = PBXFileReference; explicitFileType = wrapper.application; includeInIndex = 0; path = UsingObjcClassesInSwift.app; sourceTree = BUILT_PRODUCTS_DIR; };
		542F29C71C17194E00F25C43 /* AppDelegate.swift */ = {isa = PBXFileReference; lastKnownFileType = sourcecode.swift; path = AppDelegate.swift; sourceTree = "<group>"; };
		542F29C91C17194E00F25C43 /* ViewController.swift */ = {isa = PBXFileReference; lastKnownFileType = sourcecode.swift; path = ViewController.swift; sourceTree = "<group>"; };
		542F29CC1C17194E00F25C43 /* Base */ = {isa = PBXFileReference; lastKnownFileType = file.storyboard; name = Base; path = Base.lproj/Main.storyboard; sourceTree = "<group>"; };
		542F29CE1C17194E00F25C43 /* Assets.xcassets */ = {isa = PBXFileReference; lastKnownFileType = folder.assetcatalog; path = Assets.xcassets; sourceTree = "<group>"; };
		542F29D11C17194E00F25C43 /* Base */ = {isa = PBXFileReference; lastKnownFileType = file.storyboard; name = Base; path = Base.lproj/LaunchScreen.storyboard; sourceTree = "<group>"; };
		542F29D31C17194E00F25C43 /* Info.plist */ = {isa = PBXFileReference; lastKnownFileType = text.plist.xml; path = Info.plist; sourceTree = "<group>"; };
		542F29F71C1719CE00F25C43 /* UsingObjcClassesInSwift-Bridging-Header.h */ = {isa = PBXFileReference; lastKnownFileType = sourcecode.c.h; path = "UsingObjcClassesInSwift-Bridging-Header.h"; sourceTree = "<group>"; };
		542F29F81C1719CF00F25C43 /* MyAwesomeClass.h */ = {isa = PBXFileReference; fileEncoding = 4; lastKnownFileType = sourcecode.c.h; path = MyAwesomeClass.h; sourceTree = "<group>"; };
		542F29F91C1719CF00F25C43 /* MyAwesomeClass.m */ = {isa = PBXFileReference; fileEncoding = 4; lastKnownFileType = sourcecode.c.objc; path = MyAwesomeClass.m; sourceTree = "<group>"; };
/* End PBXFileReference section */

/* Begin PBXFrameworksBuildPhase section */
		542F29C11C17194E00F25C43 /* Frameworks */ = {
			isa = PBXFrameworksBuildPhase;
			buildActionMask = 2147483647;
			files = (
			);
			runOnlyForDeploymentPostprocessing = 0;
		};
/* End PBXFrameworksBuildPhase section */

/* Begin PBXGroup section */
		542F29BB1C17194E00F25C43 = {
			isa = PBXGroup;
			children = (
				542F29C61C17194E00F25C43 /* UsingObjcClassesInSwift */,
				542F29C51C17194E00F25C43 /* Products */,
			);
			sourceTree = "<group>";
		};
		542F29C51C17194E00F25C43 /* Products */ = {
			isa = PBXGroup;
			children = (
				542F29C41C17194E00F25C43 /* UsingObjcClassesInSwift.app */,
			);
			name = Products;
			sourceTree = "<group>";
		};
		542F29C61C17194E00F25C43 /* UsingObjcClassesInSwift */ = {
			isa = PBXGroup;
			children = (
				542F29C71C17194E00F25C43 /* AppDelegate.swift */,
				542F29C91C17194E00F25C43 /* ViewController.swift */,
				542F29CB1C17194E00F25C43 /* Main.storyboard */,
				542F29CE1C17194E00F25C43 /* Assets.xcassets */,
				542F29D01C17194E00F25C43 /* LaunchScreen.storyboard */,
				542F29D31C17194E00F25C43 /* Info.plist */,
				542F29F81C1719CF00F25C43 /* MyAwesomeClass.h */,
				542F29F91C1719CF00F25C43 /* MyAwesomeClass.m */,
				542F29F71C1719CE00F25C43 /* UsingObjcClassesInSwift-Bridging-Header.h */,
			);
			path = UsingObjcClassesInSwift;
			sourceTree = "<group>";
		};
/* End PBXGroup section */

/* Begin PBXNativeTarget section */
		542F29C31C17194E00F25C43 /* UsingObjcClassesInSwift */ = {
			isa = PBXNativeTarget;
			buildConfigurationList = 542F29D61C17194E00F25C43 /* Build configuration list for PBXNativeTarget "UsingObjcClassesInSwift" */;
			buildPhases = (
				542F29C01C17194E00F25C43 /* Sources */,
				542F29C11C17194E00F25C43 /* Frameworks */,
				542F29C21C17194E00F25C43 /* Resources */,
			);
			buildRules = (
			);
			dependencies = (
			);
			name = UsingObjcClassesInSwift;
			productName = UsingObjcClassesInSwift;
			productReference = 542F29C41C17194E00F25C43 /* UsingObjcClassesInSwift.app */;
			productType = "com.apple.product-type.application";
		};
/* End PBXNativeTarget section */

/* Begin PBXProject section */
		542F29BC1C17194E00F25C43 /* Project object */ = {
			isa = PBXProject;
			attributes = {
				LastSwiftUpdateCheck = 0710;
				LastUpgradeCheck = 0710;
				ORGANIZATIONNAME = "Flori & Andy";
				TargetAttributes = {
					542F29C31C17194E00F25C43 = {
						CreatedOnToolsVersion = 7.1.1;
					};
				};
			};
			buildConfigurationList = 542F29BF1C17194E00F25C43 /* Build configuration list for PBXProject "UsingObjcClassesInSwift" */;
			compatibilityVersion = "Xcode 3.2";
			developmentRegion = English;
			hasScannedForEncodings = 0;
			knownRegions = (
				en,
				Base,
			);
			mainGroup = 542F29BB1C17194E00F25C43;
			productRefGroup = 542F29C51C17194E00F25C43 /* Products */;
			projectDirPath = "";
			projectRoot = "";
			targets = (
				542F29C31C17194E00F25C43 /* UsingObjcClassesInSwift */,
			);
		};
/* End PBXProject section */

/* Begin PBXResourcesBuildPhase section */
		542F29C21C17194E00F25C43 /* Resources */ = {
			isa = PBXResourcesBuildPhase;
			buildActionMask = 2147483647;
			files = (
				542F29D21C17194E00F25C43 /* LaunchScreen.storyboard in Resources */,
				542F29CF1C17194E00F25C43 /* Assets.xcassets in Resources */,
				542F29CD1C17194E00F25C43 /* Main.storyboard in Resources */,
			);
			runOnlyForDeploymentPostprocessing = 0;
		};
/* End PBXResourcesBuildPhase section */

/* Begin PBXSourcesBuildPhase section */
		542F29C01C17194E00F25C43 /* Sources */ = {
			isa = PBXSourcesBuildPhase;
			buildActionMask = 2147483647;
			files = (
				542F29FA1C1719CF00F25C43 /* MyAwesomeClass.m in Sources */,
				542F29CA1C17194E00F25C43 /* ViewController.swift in Sources */,
				542F29C81C17194E00F25C43 /* AppDelegate.swift in Sources */,
			);
			runOnlyForDeploymentPostprocessing = 0;
		};
/* End PBXSourcesBuildPhase section */

/* Begin PBXVariantGroup section */
		542F29CB1C17194E00F25C43 /* Main.storyboard */ = {
			isa = PBXVariantGroup;
			children = (
				542F29CC1C17194E00F25C43 /* Base */,
			);
			name = Main.storyboard;
			sourceTree = "<group>";
		};
		542F29D01C17194E00F25C43 /* LaunchScreen.storyboard */ = {
			isa = PBXVariantGroup;
			children = (
				542F29D11C17194E00F25C43 /* Base */,
			);
			name = LaunchScreen.storyboard;
			sourceTree = "<group>";
		};
/* End PBXVariantGroup section */

/* Begin XCBuildConfiguration section */
		542F29D41C17194E00F25C43 /* Debug */ = {
			isa = XCBuildConfiguration;
			buildSettings = {
				ALWAYS_SEARCH_USER_PATHS = NO;
				CLANG_CXX_LANGUAGE_STANDARD = "gnu++0x";
				CLANG_CXX_LIBRARY = "libc++";
				CLANG_ENABLE_MODULES = YES;
				CLANG_ENABLE_OBJC_ARC = YES;
				CLANG_WARN_BOOL_CONVERSION = YES;
				CLANG_WARN_CONSTANT_CONVERSION = YES;
				CLANG_WARN_DIRECT_OBJC_ISA_USAGE = YES_ERROR;
				CLANG_WARN_EMPTY_BODY = YES;
				CLANG_WARN_ENUM_CONVERSION = YES;
				CLANG_WARN_INT_CONVERSION = YES;
				CLANG_WARN_OBJC_ROOT_CLASS = YES_ERROR;
				CLANG_WARN_UNREACHABLE_CODE = YES;
				CLANG_WARN__DUPLICATE_METHOD_MATCH = YES;
				"CODE_SIGN_IDENTITY[sdk=iphoneos*]" = "iPhone Developer";
				COPY_PHASE_STRIP = NO;
				DEBUG_INFORMATION_FORMAT = dwarf;
				ENABLE_STRICT_OBJC_MSGSEND = YES;
				ENABLE_TESTABILITY = YES;
				GCC_C_LANGUAGE_STANDARD = gnu99;
				GCC_DYNAMIC_NO_PIC = NO;
				GCC_NO_COMMON_BLOCKS = YES;
				GCC_OPTIMIZATION_LEVEL = 0;
				GCC_PREPROCESSOR_DEFINITIONS = (
					"DEBUG=1",
					"$(inherited)",
				);
				GCC_WARN_64_TO_32_BIT_CONVERSION = YES;
				GCC_WARN_ABOUT_RETURN_TYPE = YES_ERROR;
				GCC_WARN_UNDECLARED_SELECTOR = YES;
				GCC_WARN_UNINITIALIZED_AUTOS = YES_AGGRESSIVE;
				GCC_WARN_UNUSED_FUNCTION = YES;
				GCC_WARN_UNUSED_VARIABLE = YES;
				IPHONEOS_DEPLOYMENT_TARGET = 9.1;
				MTL_ENABLE_DEBUG_INFO = YES;
				ONLY_ACTIVE_ARCH = YES;
				SDKROOT = iphoneos;
				SWIFT_OPTIMIZATION_LEVEL = "-Onone";
				TARGETED_DEVICE_FAMILY = "1,2";
			};
			name = Debug;
		};
		542F29D51C17194E00F25C43 /* Release */ = {
			isa = XCBuildConfiguration;
			buildSettings = {
				ALWAYS_SEARCH_USER_PATHS = NO;
				CLANG_CXX_LANGUAGE_STANDARD = "gnu++0x";
				CLANG_CXX_LIBRARY = "libc++";
				CLANG_ENABLE_MODULES = YES;
				CLANG_ENABLE_OBJC_ARC = YES;
				CLANG_WARN_BOOL_CONVERSION = YES;
				CLANG_WARN_CONSTANT_CONVERSION = YES;
				CLANG_WARN_DIRECT_OBJC_ISA_USAGE = YES_ERROR;
				CLANG_WARN_EMPTY_BODY = YES;
				CLANG_WARN_ENUM_CONVERSION = YES;
				CLANG_WARN_INT_CONVERSION = YES;
				CLANG_WARN_OBJC_ROOT_CLASS = YES_ERROR;
				CLANG_WARN_UNREACHABLE_CODE = YES;
				CLANG_WARN__DUPLICATE_METHOD_MATCH = YES;
				"CODE_SIGN_IDENTITY[sdk=iphoneos*]" = "iPhone Developer";
				COPY_PHASE_STRIP = NO;
				DEBUG_INFORMATION_FORMAT = "dwarf-with-dsym";
				ENABLE_NS_ASSERTIONS = NO;
				ENABLE_STRICT_OBJC_MSGSEND = YES;
				GCC_C_LANGUAGE_STANDARD = gnu99;
				GCC_NO_COMMON_BLOCKS = YES;
				GCC_WARN_64_TO_32_BIT_CONVERSION = YES;
				GCC_WARN_ABOUT_RETURN_TYPE = YES_ERROR;
				GCC_WARN_UNDECLARED_SELECTOR = YES;
				GCC_WARN_UNINITIALIZED_AUTOS = YES_AGGRESSIVE;
				GCC_WARN_UNUSED_FUNCTION = YES;
				GCC_WARN_UNUSED_VARIABLE = YES;
				IPHONEOS_DEPLOYMENT_TARGET = 9.1;
				MTL_ENABLE_DEBUG_INFO = NO;
				SDKROOT = iphoneos;
				TARGETED_DEVICE_FAMILY = "1,2";
				VALIDATE_PRODUCT = YES;
			};
			name = Release;
		};
		542F29D71C17194E00F25C43 /* Debug */ = {
			isa = XCBuildConfiguration;
			buildSettings = {
				ASSETCATALOG_COMPILER_APPICON_NAME = AppIcon;
				CLANG_ENABLE_MODULES = YES;
				INFOPLIST_FILE = UsingObjcClassesInSwift/Info.plist;
				LD_RUNPATH_SEARCH_PATHS = "$(inherited) @executable_path/Frameworks";
				PRODUCT_BUNDLE_IDENTIFIER = de.fhws.meinteam.UsingObjcClassesInSwift;
				PRODUCT_NAME = "$(TARGET_NAME)";
				SWIFT_OBJC_BRIDGING_HEADER = "UsingObjcClassesInSwift/UsingObjcClassesInSwift-Bridging-Header.h";
				SWIFT_OPTIMIZATION_LEVEL = "-Onone";
			};
			name = Debug;
		};
		542F29D81C17194E00F25C43 /* Release */ = {
			isa = XCBuildConfiguration;
			buildSettings = {
				ASSETCATALOG_COMPILER_APPICON_NAME = AppIcon;
				CLANG_ENABLE_MODULES = YES;
				INFOPLIST_FILE = UsingObjcClassesInSwift/Info.plist;
				LD_RUNPATH_SEARCH_PATHS = "$(inherited) @executable_path/Frameworks";
				PRODUCT_BUNDLE_IDENTIFIER = de.fhws.meinteam.UsingObjcClassesInSwift;
				PRODUCT_NAME = "$(TARGET_NAME)";
				SWIFT_OBJC_BRIDGING_HEADER = "UsingObjcClassesInSwift/UsingObjcClassesInSwift-Bridging-Header.h";
			};
			name = Release;
		};
/* End XCBuildConfiguration section */

/* Begin XCConfigurationList section */
		542F29BF1C17194E00F25C43 /* Build configuration list for PBXProject "UsingObjcClassesInSwift" */ = {
			isa = XCConfigurationList;
			buildConfigurations = (
				542F29D41C17194E00F25C43 /* Debug */,
				542F29D51C17194E00F25C43 /* Release */,
			);
			defaultConfigurationIsVisible = 0;
			defaultConfigurationName = Release;
		};
		542F29D61C17194E00F25C43 /* Build configuration list for PBXNativeTarget "UsingObjcClassesInSwift" */ = {
			isa = XCConfigurationList;
			buildConfigurations = (
				542F29D71C17194E00F25C43 /* Debug */,
				542F29D81C17194E00F25C43 /* Release */,
			);
			defaultConfigurationIsVisible = 0;
			defaultConfigurationName = Release;
		};
/* End XCConfigurationList section */
	};
	rootObject = 542F29BC1C17194E00F25C43 /* Project object */;
}
