// !$*UTF8*$!
{
	archiveVersion = 1;
	classes = {
	};
	objectVersion = 46;
	objects = {

/* Begin PBXBuildFile section */
		070293CE1A60216F008A89D1 /* AppDelegate.swift in Sources */ = {isa = PBXBuildFile; fileRef = 070293CD1A60216F008A89D1 /* AppDelegate.swift */; };
		070293D01A60216F008A89D1 /* DetailStudentViewController.swift in Sources */ = {isa = PBXBuildFile; fileRef = 070293CF1A60216F008A89D1 /* DetailStudentViewController.swift */; };
		070293D31A60216F008A89D1 /* Main.storyboard in Resources */ = {isa = PBXBuildFile; fileRef = 070293D11A60216F008A89D1 /* Main.storyboard */; };
		070293D51A60216F008A89D1 /* Images.xcassets in Resources */ = {isa = PBXBuildFile; fileRef = 070293D41A60216F008A89D1 /* Images.xcassets */; };
		070293D81A60216F008A89D1 /* LaunchScreen.xib in Resources */ = {isa = PBXBuildFile; fileRef = 070293D61A60216F008A89D1 /* LaunchScreen.xib */; };
		070293E41A602170008A89D1 /* SwiftTableViewControllerAndOtherFunnyStuffTests.swift in Sources */ = {isa = PBXBuildFile; fileRef = 070293E31A602170008A89D1 /* SwiftTableViewControllerAndOtherFunnyStuffTests.swift */; };
		070293F01A6021CD008A89D1 /* StudentTableViewController.swift in Sources */ = {isa = PBXBuildFile; fileRef = 070293EF1A6021CD008A89D1 /* StudentTableViewController.swift */; };
		070293F21A6021F3008A89D1 /* Student.swift in Sources */ = {isa = PBXBuildFile; fileRef = 070293F11A6021F3008A89D1 /* Student.swift */; };
		070293F41A602207008A89D1 /* SampleDate.swift in Sources */ = {isa = PBXBuildFile; fileRef = 070293F31A602207008A89D1 /* SampleDate.swift */; };
		070293F61A6024EC008A89D1 /* StudentTableViewCell.swift in Sources */ = {isa = PBXBuildFile; fileRef = 070293F51A6024EC008A89D1 /* StudentTableViewCell.swift */; };
		073D9D831A606542000DD348 /* AddStudentTableViewController.swift in Sources */ = {isa = PBXBuildFile; fileRef = 073D9D821A606542000DD348 /* AddStudentTableViewController.swift */; };
		07CD4ADB1C08B505000EAE56 /* TabView.storyboard in Resources */ = {isa = PBXBuildFile; fileRef = 07CD4AD91C08B505000EAE56 /* TabView.storyboard */; };
		07CD4ADD1C08B5FB000EAE56 /* StudentTableViewAndDetailView.storyboard in Resources */ = {isa = PBXBuildFile; fileRef = 07CD4ADC1C08B5FB000EAE56 /* StudentTableViewAndDetailView.storyboard */; };
		07E4E1AE1A6168D2006546D4 /* people.png in Resources */ = {isa = PBXBuildFile; fileRef = 07E4E1AD1A6168D2006546D4 /* people.png */; };
		07E4E1B01A617CEE006546D4 /* DetailImageViewController.swift in Sources */ = {isa = PBXBuildFile; fileRef = 07E4E1AF1A617CEE006546D4 /* DetailImageViewController.swift */; };
/* End PBXBuildFile section */

/* Begin PBXContainerItemProxy section */
		070293DE1A602170008A89D1 /* PBXContainerItemProxy */ = {
			isa = PBXContainerItemProxy;
			containerPortal = 070293C01A60216F008A89D1 /* Project object */;
			proxyType = 1;
			remoteGlobalIDString = 070293C71A60216F008A89D1;
			remoteInfo = SwiftTableViewControllerAndOtherFunnyStuff;
		};
/* End PBXContainerItemProxy section */

/* Begin PBXFileReference section */
		070293C81A60216F008A89D1 /* SwiftTableViewControllerAndOtherFunnyStuff.app */ = {isa = PBXFileReference; explicitFileType = wrapper.application; includeInIndex = 0; path = SwiftTableViewControllerAndOtherFunnyStuff.app; sourceTree = BUILT_PRODUCTS_DIR; };
		070293CC1A60216F008A89D1 /* Info.plist */ = {isa = PBXFileReference; lastKnownFileType = text.plist.xml; path = Info.plist; sourceTree = "<group>"; };
		070293CD1A60216F008A89D1 /* AppDelegate.swift */ = {isa = PBXFileReference; lastKnownFileType = sourcecode.swift; path = AppDelegate.swift; sourceTree = "<group>"; };
		070293CF1A60216F008A89D1 /* DetailStudentViewController.swift */ = {isa = PBXFileReference; lastKnownFileType = sourcecode.swift; path = DetailStudentViewController.swift; sourceTree = "<group>"; };
		070293D21A60216F008A89D1 /* Base */ = {isa = PBXFileReference; lastKnownFileType = file.storyboard; name = Base; path = Base.lproj/Main.storyboard; sourceTree = "<group>"; };
		070293D41A60216F008A89D1 /* Images.xcassets */ = {isa = PBXFileReference; lastKnownFileType = folder.assetcatalog; path = Images.xcassets; sourceTree = "<group>"; };
		070293D71A60216F008A89D1 /* Base */ = {isa = PBXFileReference; lastKnownFileType = file.xib; name = Base; path = Base.lproj/LaunchScreen.xib; sourceTree = "<group>"; };
		070293DD1A602170008A89D1 /* SwiftTableViewControllerAndOtherFunnyStuffTests.xctest */ = {isa = PBXFileReference; explicitFileType = wrapper.cfbundle; includeInIndex = 0; path = SwiftTableViewControllerAndOtherFunnyStuffTests.xctest; sourceTree = BUILT_PRODUCTS_DIR; };
		070293E21A602170008A89D1 /* Info.plist */ = {isa = PBXFileReference; lastKnownFileType = text.plist.xml; path = Info.plist; sourceTree = "<group>"; };
		070293E31A602170008A89D1 /* SwiftTableViewControllerAndOtherFunnyStuffTests.swift */ = {isa = PBXFileReference; lastKnownFileType = sourcecode.swift; path = SwiftTableViewControllerAndOtherFunnyStuffTests.swift; sourceTree = "<group>"; };
		070293EF1A6021CD008A89D1 /* StudentTableViewController.swift */ = {isa = PBXFileReference; fileEncoding = 4; lastKnownFileType = sourcecode.swift; name = StudentTableViewController.swift; path = ../StudentTableViewController.swift; sourceTree = "<group>"; };
		070293F11A6021F3008A89D1 /* Student.swift */ = {isa = PBXFileReference; fileEncoding = 4; lastKnownFileType = sourcecode.swift; path = Student.swift; sourceTree = "<group>"; };
		070293F31A602207008A89D1 /* SampleDate.swift */ = {isa = PBXFileReference; fileEncoding = 4; lastKnownFileType = sourcecode.swift; path = SampleDate.swift; sourceTree = "<group>"; };
		070293F51A6024EC008A89D1 /* StudentTableViewCell.swift */ = {isa = PBXFileReference; fileEncoding = 4; lastKnownFileType = sourcecode.swift; path = StudentTableViewCell.swift; sourceTree = "<group>"; };
		073D9D821A606542000DD348 /* AddStudentTableViewController.swift */ = {isa = PBXFileReference; fileEncoding = 4; lastKnownFileType = sourcecode.swift; path = AddStudentTableViewController.swift; sourceTree = "<group>"; };
		07CD4ADA1C08B505000EAE56 /* Base */ = {isa = PBXFileReference; lastKnownFileType = file.storyboard; name = Base; path = Base.lproj/TabView.storyboard; sourceTree = "<group>"; };
		07CD4ADC1C08B5FB000EAE56 /* StudentTableViewAndDetailView.storyboard */ = {isa = PBXFileReference; fileEncoding = 4; lastKnownFileType = file.storyboard; path = StudentTableViewAndDetailView.storyboard; sourceTree = "<group>"; };
		07E4E1AD1A6168D2006546D4 /* people.png */ = {isa = PBXFileReference; lastKnownFileType = image.png; path = people.png; sourceTree = "<group>"; };
		07E4E1AF1A617CEE006546D4 /* DetailImageViewController.swift */ = {isa = PBXFileReference; fileEncoding = 4; lastKnownFileType = sourcecode.swift; path = DetailImageViewController.swift; sourceTree = "<group>"; };
/* End PBXFileReference section */

/* Begin PBXFrameworksBuildPhase section */
		070293C51A60216F008A89D1 /* Frameworks */ = {
			isa = PBXFrameworksBuildPhase;
			buildActionMask = 2147483647;
			files = (
			);
			runOnlyForDeploymentPostprocessing = 0;
		};
		070293DA1A602170008A89D1 /* Frameworks */ = {
			isa = PBXFrameworksBuildPhase;
			buildActionMask = 2147483647;
			files = (
			);
			runOnlyForDeploymentPostprocessing = 0;
		};
/* End PBXFrameworksBuildPhase section */

/* Begin PBXGroup section */
		070293BF1A60216F008A89D1 = {
			isa = PBXGroup;
			children = (
				070293CA1A60216F008A89D1 /* SwiftTableViewControllerAndOtherFunnyStuff */,
				070293E01A602170008A89D1 /* SwiftTableViewControllerAndOtherFunnyStuffTests */,
				070293C91A60216F008A89D1 /* Products */,
			);
			sourceTree = "<group>";
		};
		070293C91A60216F008A89D1 /* Products */ = {
			isa = PBXGroup;
			children = (
				070293C81A60216F008A89D1 /* SwiftTableViewControllerAndOtherFunnyStuff.app */,
				070293DD1A602170008A89D1 /* SwiftTableViewControllerAndOtherFunnyStuffTests.xctest */,
			);
			name = Products;
			sourceTree = "<group>";
		};
		070293CA1A60216F008A89D1 /* SwiftTableViewControllerAndOtherFunnyStuff */ = {
			isa = PBXGroup;
			children = (
				07E4E1AD1A6168D2006546D4 /* people.png */,
				073D9D821A606542000DD348 /* AddStudentTableViewController.swift */,
				070293CD1A60216F008A89D1 /* AppDelegate.swift */,
				070293CF1A60216F008A89D1 /* DetailStudentViewController.swift */,
				070293EF1A6021CD008A89D1 /* StudentTableViewController.swift */,
				070293D11A60216F008A89D1 /* Main.storyboard */,
				07CD4ADC1C08B5FB000EAE56 /* StudentTableViewAndDetailView.storyboard */,
				07CD4AD91C08B505000EAE56 /* TabView.storyboard */,
				07E4E1AF1A617CEE006546D4 /* DetailImageViewController.swift */,
				070293F51A6024EC008A89D1 /* StudentTableViewCell.swift */,
				070293D41A60216F008A89D1 /* Images.xcassets */,
				070293F11A6021F3008A89D1 /* Student.swift */,
				070293F31A602207008A89D1 /* SampleDate.swift */,
				070293D61A60216F008A89D1 /* LaunchScreen.xib */,
				070293CB1A60216F008A89D1 /* Supporting Files */,
			);
			path = SwiftTableViewControllerAndOtherFunnyStuff;
			sourceTree = "<group>";
		};
		070293CB1A60216F008A89D1 /* Supporting Files */ = {
			isa = PBXGroup;
			children = (
				070293CC1A60216F008A89D1 /* Info.plist */,
			);
			name = "Supporting Files";
			sourceTree = "<group>";
		};
		070293E01A602170008A89D1 /* SwiftTableViewControllerAndOtherFunnyStuffTests */ = {
			isa = PBXGroup;
			children = (
				070293E31A602170008A89D1 /* SwiftTableViewControllerAndOtherFunnyStuffTests.swift */,
				070293E11A602170008A89D1 /* Supporting Files */,
			);
			path = SwiftTableViewControllerAndOtherFunnyStuffTests;
			sourceTree = "<group>";
		};
		070293E11A602170008A89D1 /* Supporting Files */ = {
			isa = PBXGroup;
			children = (
				070293E21A602170008A89D1 /* Info.plist */,
			);
			name = "Supporting Files";
			sourceTree = "<group>";
		};
/* End PBXGroup section */

/* Begin PBXNativeTarget section */
		070293C71A60216F008A89D1 /* SwiftTableViewControllerAndOtherFunnyStuff */ = {
			isa = PBXNativeTarget;
			buildConfigurationList = 070293E71A602170008A89D1 /* Build configuration list for PBXNativeTarget "SwiftTableViewControllerAndOtherFunnyStuff" */;
			buildPhases = (
				070293C41A60216F008A89D1 /* Sources */,
				070293C51A60216F008A89D1 /* Frameworks */,
				070293C61A60216F008A89D1 /* Resources */,
			);
			buildRules = (
			);
			dependencies = (
			);
			name = SwiftTableViewControllerAndOtherFunnyStuff;
			productName = SwiftTableViewControllerAndOtherFunnyStuff;
			productReference = 070293C81A60216F008A89D1 /* SwiftTableViewControllerAndOtherFunnyStuff.app */;
			productType = "com.apple.product-type.application";
		};
		070293DC1A602170008A89D1 /* SwiftTableViewControllerAndOtherFunnyStuffTests */ = {
			isa = PBXNativeTarget;
			buildConfigurationList = 070293EA1A602170008A89D1 /* Build configuration list for PBXNativeTarget "SwiftTableViewControllerAndOtherFunnyStuffTests" */;
			buildPhases = (
				070293D91A602170008A89D1 /* Sources */,
				070293DA1A602170008A89D1 /* Frameworks */,
				070293DB1A602170008A89D1 /* Resources */,
			);
			buildRules = (
			);
			dependencies = (
				070293DF1A602170008A89D1 /* PBXTargetDependency */,
			);
			name = SwiftTableViewControllerAndOtherFunnyStuffTests;
			productName = SwiftTableViewControllerAndOtherFunnyStuffTests;
			productReference = 070293DD1A602170008A89D1 /* SwiftTableViewControllerAndOtherFunnyStuffTests.xctest */;
			productType = "com.apple.product-type.bundle.unit-test";
		};
/* End PBXNativeTarget section */

/* Begin PBXProject section */
		070293C01A60216F008A89D1 /* Project object */ = {
			isa = PBXProject;
			attributes = {
				LastSwiftMigration = 0710;
				LastSwiftUpdateCheck = 0710;
				LastUpgradeCheck = 0710;
				ORGANIZATIONNAME = Telekom;
				TargetAttributes = {
					070293C71A60216F008A89D1 = {
						CreatedOnToolsVersion = 6.2;
					};
					070293DC1A602170008A89D1 = {
						CreatedOnToolsVersion = 6.2;
						TestTargetID = 070293C71A60216F008A89D1;
					};
				};
			};
			buildConfigurationList = 070293C31A60216F008A89D1 /* Build configuration list for PBXProject "SwiftTableViewControllerAndOtherFunnyStuff" */;
			compatibilityVersion = "Xcode 3.2";
			developmentRegion = English;
			hasScannedForEncodings = 0;
			knownRegions = (
				en,
				Base,
			);
			mainGroup = 070293BF1A60216F008A89D1;
			productRefGroup = 070293C91A60216F008A89D1 /* Products */;
			projectDirPath = "";
			projectRoot = "";
			targets = (
				070293C71A60216F008A89D1 /* SwiftTableViewControllerAndOtherFunnyStuff */,
				070293DC1A602170008A89D1 /* SwiftTableViewControllerAndOtherFunnyStuffTests */,
			);
		};
/* End PBXProject section */

/* Begin PBXResourcesBuildPhase section */
		070293C61A60216F008A89D1 /* Resources */ = {
			isa = PBXResourcesBuildPhase;
			buildActionMask = 2147483647;
			files = (
				07CD4ADD1C08B5FB000EAE56 /* StudentTableViewAndDetailView.storyboard in Resources */,
				07E4E1AE1A6168D2006546D4 /* people.png in Resources */,
				07CD4ADB1C08B505000EAE56 /* TabView.storyboard in Resources */,
				070293D31A60216F008A89D1 /* Main.storyboard in Resources */,
				070293D81A60216F008A89D1 /* LaunchScreen.xib in Resources */,
				070293D51A60216F008A89D1 /* Images.xcassets in Resources */,
			);
			runOnlyForDeploymentPostprocessing = 0;
		};
		070293DB1A602170008A89D1 /* Resources */ = {
			isa = PBXResourcesBuildPhase;
			buildActionMask = 2147483647;
			files = (
			);
			runOnlyForDeploymentPostprocessing = 0;
		};
/* End PBXResourcesBuildPhase section */

/* Begin PBXSourcesBuildPhase section */
		070293C41A60216F008A89D1 /* Sources */ = {
			isa = PBXSourcesBuildPhase;
			buildActionMask = 2147483647;
			files = (
				070293D01A60216F008A89D1 /* DetailStudentViewController.swift in Sources */,
				070293CE1A60216F008A89D1 /* AppDelegate.swift in Sources */,
				070293F01A6021CD008A89D1 /* StudentTableViewController.swift in Sources */,
				070293F41A602207008A89D1 /* SampleDate.swift in Sources */,
				070293F21A6021F3008A89D1 /* Student.swift in Sources */,
				073D9D831A606542000DD348 /* AddStudentTableViewController.swift in Sources */,
				070293F61A6024EC008A89D1 /* StudentTableViewCell.swift in Sources */,
				07E4E1B01A617CEE006546D4 /* DetailImageViewController.swift in Sources */,
			);
			runOnlyForDeploymentPostprocessing = 0;
		};
		070293D91A602170008A89D1 /* Sources */ = {
			isa = PBXSourcesBuildPhase;
			buildActionMask = 2147483647;
			files = (
				070293E41A602170008A89D1 /* SwiftTableViewControllerAndOtherFunnyStuffTests.swift in Sources */,
			);
			runOnlyForDeploymentPostprocessing = 0;
		};
/* End PBXSourcesBuildPhase section */

/* Begin PBXTargetDependency section */
		070293DF1A602170008A89D1 /* PBXTargetDependency */ = {
			isa = PBXTargetDependency;
			target = 070293C71A60216F008A89D1 /* SwiftTableViewControllerAndOtherFunnyStuff */;
			targetProxy = 070293DE1A602170008A89D1 /* PBXContainerItemProxy */;
		};
/* End PBXTargetDependency section */

/* Begin PBXVariantGroup section */
		070293D11A60216F008A89D1 /* Main.storyboard */ = {
			isa = PBXVariantGroup;
			children = (
				070293D21A60216F008A89D1 /* Base */,
			);
			name = Main.storyboard;
			sourceTree = "<group>";
		};
		070293D61A60216F008A89D1 /* LaunchScreen.xib */ = {
			isa = PBXVariantGroup;
			children = (
				070293D71A60216F008A89D1 /* Base */,
			);
			name = LaunchScreen.xib;
			sourceTree = "<group>";
		};
		07CD4AD91C08B505000EAE56 /* TabView.storyboard */ = {
			isa = PBXVariantGroup;
			children = (
				07CD4ADA1C08B505000EAE56 /* Base */,
			);
			name = TabView.storyboard;
			sourceTree = "<group>";
		};
/* End PBXVariantGroup section */

/* Begin XCBuildConfiguration section */
		070293E51A602170008A89D1 /* Debug */ = {
			isa = XCBuildConfiguration;
			buildSettings = {
				ALWAYS_SEARCH_USER_PATHS = NO;
				CLANG_CXX_LANGUAGE_STANDARD = "gnu++0x";
				CLANG_CXX_LIBRARY = "libc++";
				CLANG_ENABLE_MODULES = YES;
				CLANG_ENABLE_OBJC_ARC = YES;
				CLANG_WARN_BOOL_CONVERSION = YES;
				CLANG_WARN_CONSTANT_CONVERSION = YES;
				CLANG_WARN_DIRECT_OBJC_ISA_USAGE = YES_ERROR;
				CLANG_WARN_EMPTY_BODY = YES;
				CLANG_WARN_ENUM_CONVERSION = YES;
				CLANG_WARN_INT_CONVERSION = YES;
				CLANG_WARN_OBJC_ROOT_CLASS = YES_ERROR;
				CLANG_WARN_UNREACHABLE_CODE = YES;
				CLANG_WARN__DUPLICATE_METHOD_MATCH = YES;
				"CODE_SIGN_IDENTITY[sdk=iphoneos*]" = "iPhone Developer";
				COPY_PHASE_STRIP = NO;
				ENABLE_STRICT_OBJC_MSGSEND = YES;
				ENABLE_TESTABILITY = YES;
				GCC_C_LANGUAGE_STANDARD = gnu99;
				GCC_DYNAMIC_NO_PIC = NO;
				GCC_OPTIMIZATION_LEVEL = 0;
				GCC_PREPROCESSOR_DEFINITIONS = (
					"DEBUG=1",
					"$(inherited)",
				);
				GCC_SYMBOLS_PRIVATE_EXTERN = NO;
				GCC_WARN_64_TO_32_BIT_CONVERSION = YES;
				GCC_WARN_ABOUT_RETURN_TYPE = YES_ERROR;
				GCC_WARN_UNDECLARED_SELECTOR = YES;
				GCC_WARN_UNINITIALIZED_AUTOS = YES_AGGRESSIVE;
				GCC_WARN_UNUSED_FUNCTION = YES;
				GCC_WARN_UNUSED_VARIABLE = YES;
				IPHONEOS_DEPLOYMENT_TARGET = 9.1;
				MTL_ENABLE_DEBUG_INFO = YES;
				ONLY_ACTIVE_ARCH = YES;
				SDKROOT = iphoneos;
				SWIFT_OPTIMIZATION_LEVEL = "-Onone";
			};
			name = Debug;
		};
		070293E61A602170008A89D1 /* Release */ = {
			isa = XCBuildConfiguration;
			buildSettings = {
				ALWAYS_SEARCH_USER_PATHS = NO;
				CLANG_CXX_LANGUAGE_STANDARD = "gnu++0x";
				CLANG_CXX_LIBRARY = "libc++";
				CLANG_ENABLE_MODULES = YES;
				CLANG_ENABLE_OBJC_ARC = YES;
				CLANG_WARN_BOOL_CONVERSION = YES;
				CLANG_WARN_CONSTANT_CONVERSION = YES;
				CLANG_WARN_DIRECT_OBJC_ISA_USAGE = YES_ERROR;
				CLANG_WARN_EMPTY_BODY = YES;
				CLANG_WARN_ENUM_CONVERSION = YES;
				CLANG_WARN_INT_CONVERSION = YES;
				CLANG_WARN_OBJC_ROOT_CLASS = YES_ERROR;
				CLANG_WARN_UNREACHABLE_CODE = YES;
				CLANG_WARN__DUPLICATE_METHOD_MATCH = YES;
				"CODE_SIGN_IDENTITY[sdk=iphoneos*]" = "iPhone Developer";
				COPY_PHASE_STRIP = NO;
				ENABLE_NS_ASSERTIONS = NO;
				ENABLE_STRICT_OBJC_MSGSEND = YES;
				GCC_C_LANGUAGE_STANDARD = gnu99;
				GCC_WARN_64_TO_32_BIT_CONVERSION = YES;
				GCC_WARN_ABOUT_RETURN_TYPE = YES_ERROR;
				GCC_WARN_UNDECLARED_SELECTOR = YES;
				GCC_WARN_UNINITIALIZED_AUTOS = YES_AGGRESSIVE;
				GCC_WARN_UNUSED_FUNCTION = YES;
				GCC_WARN_UNUSED_VARIABLE = YES;
				IPHONEOS_DEPLOYMENT_TARGET = 9.1;
				MTL_ENABLE_DEBUG_INFO = NO;
				SDKROOT = iphoneos;
				VALIDATE_PRODUCT = YES;
			};
			name = Release;
		};
		070293E81A602170008A89D1 /* Debug */ = {
			isa = XCBuildConfiguration;
			buildSettings = {
				ASSETCATALOG_COMPILER_APPICON_NAME = AppIcon;
				INFOPLIST_FILE = SwiftTableViewControllerAndOtherFunnyStuff/Info.plist;
				IPHONEOS_DEPLOYMENT_TARGET = 9.1;
				LD_RUNPATH_SEARCH_PATHS = "$(inherited) @executable_path/Frameworks";
				PRODUCT_BUNDLE_IDENTIFIER = "de.telekom.intern.$(PRODUCT_NAME:rfc1034identifier)";
				PRODUCT_NAME = "$(TARGET_NAME)";
			};
			name = Debug;
		};
		070293E91A602170008A89D1 /* Release */ = {
			isa = XCBuildConfiguration;
			buildSettings = {
				ASSETCATALOG_COMPILER_APPICON_NAME = AppIcon;
				INFOPLIST_FILE = SwiftTableViewControllerAndOtherFunnyStuff/Info.plist;
				IPHONEOS_DEPLOYMENT_TARGET = 9.1;
				LD_RUNPATH_SEARCH_PATHS = "$(inherited) @executable_path/Frameworks";
				PRODUCT_BUNDLE_IDENTIFIER = "de.telekom.intern.$(PRODUCT_NAME:rfc1034identifier)";
				PRODUCT_NAME = "$(TARGET_NAME)";
			};
			name = Release;
		};
		070293EB1A602170008A89D1 /* Debug */ = {
			isa = XCBuildConfiguration;
			buildSettings = {
				BUNDLE_LOADER = "$(TEST_HOST)";
				FRAMEWORK_SEARCH_PATHS = (
					"$(SDKROOT)/Developer/Library/Frameworks",
					"$(inherited)",
				);
				GCC_PREPROCESSOR_DEFINITIONS = (
					"DEBUG=1",
					"$(inherited)",
				);
				INFOPLIST_FILE = SwiftTableViewControllerAndOtherFunnyStuffTests/Info.plist;
				LD_RUNPATH_SEARCH_PATHS = "$(inherited) @executable_path/Frameworks @loader_path/Frameworks";
				PRODUCT_BUNDLE_IDENTIFIER = "de.telekom.intern.$(PRODUCT_NAME:rfc1034identifier)";
				PRODUCT_NAME = "$(TARGET_NAME)";
				TEST_HOST = "$(BUILT_PRODUCTS_DIR)/SwiftTableViewControllerAndOtherFunnyStuff.app/SwiftTableViewControllerAndOtherFunnyStuff";
			};
			name = Debug;
		};
		070293EC1A602170008A89D1 /* Release */ = {
			isa = XCBuildConfiguration;
			buildSettings = {
				BUNDLE_LOADER = "$(TEST_HOST)";
				FRAMEWORK_SEARCH_PATHS = (
					"$(SDKROOT)/Developer/Library/Frameworks",
					"$(inherited)",
				);
				INFOPLIST_FILE = SwiftTableViewControllerAndOtherFunnyStuffTests/Info.plist;
				LD_RUNPATH_SEARCH_PATHS = "$(inherited) @executable_path/Frameworks @loader_path/Frameworks";
				PRODUCT_BUNDLE_IDENTIFIER = "de.telekom.intern.$(PRODUCT_NAME:rfc1034identifier)";
				PRODUCT_NAME = "$(TARGET_NAME)";
				TEST_HOST = "$(BUILT_PRODUCTS_DIR)/SwiftTableViewControllerAndOtherFunnyStuff.app/SwiftTableViewControllerAndOtherFunnyStuff";
			};
			name = Release;
		};
/* End XCBuildConfiguration section */

/* Begin XCConfigurationList section */
		070293C31A60216F008A89D1 /* Build configuration list for PBXProject "SwiftTableViewControllerAndOtherFunnyStuff" */ = {
			isa = XCConfigurationList;
			buildConfigurations = (
				070293E51A602170008A89D1 /* Debug */,
				070293E61A602170008A89D1 /* Release */,
			);
			defaultConfigurationIsVisible = 0;
			defaultConfigurationName = Release;
		};
		070293E71A602170008A89D1 /* Build configuration list for PBXNativeTarget "SwiftTableViewControllerAndOtherFunnyStuff" */ = {
			isa = XCConfigurationList;
			buildConfigurations = (
				070293E81A602170008A89D1 /* Debug */,
				070293E91A602170008A89D1 /* Release */,
			);
			defaultConfigurationIsVisible = 0;
			defaultConfigurationName = Release;
		};
		070293EA1A602170008A89D1 /* Build configuration list for PBXNativeTarget "SwiftTableViewControllerAndOtherFunnyStuffTests" */ = {
			isa = XCConfigurationList;
			buildConfigurations = (
				070293EB1A602170008A89D1 /* Debug */,
				070293EC1A602170008A89D1 /* Release */,
			);
			defaultConfigurationIsVisible = 0;
			defaultConfigurationName = Release;
		};
/* End XCConfigurationList section */
	};
	rootObject = 070293C01A60216F008A89D1 /* Project object */;
}
