// !$*UTF8*$!
{
	archiveVersion = 1;
	classes = {
	};
	objectVersion = 46;
	objects = {

/* Begin PBXBuildFile section */
		54BC21FA1A6A6DA100174E54 /* AppDelegate.swift in Sources */ = {isa = PBXBuildFile; fileRef = 54BC21F91A6A6DA100174E54 /* AppDelegate.swift */; };
		54BC21FC1A6A6DA100174E54 /* GesturesViewController.swift in Sources */ = {isa = PBXBuildFile; fileRef = 54BC21FB1A6A6DA100174E54 /* GesturesViewController.swift */; };
		54BC21FF1A6A6DA100174E54 /* Main.storyboard in Resources */ = {isa = PBXBuildFile; fileRef = 54BC21FD1A6A6DA100174E54 /* Main.storyboard */; };
		54BC22011A6A6DA100174E54 /* Images.xcassets in Resources */ = {isa = PBXBuildFile; fileRef = 54BC22001A6A6DA100174E54 /* Images.xcassets */; };
		54BC22041A6A6DA100174E54 /* LaunchScreen.xib in Resources */ = {isa = PBXBuildFile; fileRef = 54BC22021A6A6DA100174E54 /* LaunchScreen.xib */; };
		54BC22101A6A6DA100174E54 /* GesturesTutorialTests.swift in Sources */ = {isa = PBXBuildFile; fileRef = 54BC220F1A6A6DA100174E54 /* GesturesTutorialTests.swift */; };
/* End PBXBuildFile section */

/* Begin PBXContainerItemProxy section */
		54BC220A1A6A6DA100174E54 /* PBXContainerItemProxy */ = {
			isa = PBXContainerItemProxy;
			containerPortal = 54BC21EC1A6A6DA100174E54 /* Project object */;
			proxyType = 1;
			remoteGlobalIDString = 54BC21F31A6A6DA100174E54;
			remoteInfo = GesturesTutorial;
		};
/* End PBXContainerItemProxy section */

/* Begin PBXFileReference section */
		54BC21F41A6A6DA100174E54 /* GesturesTutorial.app */ = {isa = PBXFileReference; explicitFileType = wrapper.application; includeInIndex = 0; path = GesturesTutorial.app; sourceTree = BUILT_PRODUCTS_DIR; };
		54BC21F81A6A6DA100174E54 /* Info.plist */ = {isa = PBXFileReference; lastKnownFileType = text.plist.xml; path = Info.plist; sourceTree = "<group>"; };
		54BC21F91A6A6DA100174E54 /* AppDelegate.swift */ = {isa = PBXFileReference; lastKnownFileType = sourcecode.swift; path = AppDelegate.swift; sourceTree = "<group>"; };
		54BC21FB1A6A6DA100174E54 /* GesturesViewController.swift */ = {isa = PBXFileReference; lastKnownFileType = sourcecode.swift; path = GesturesViewController.swift; sourceTree = "<group>"; };
		54BC21FE1A6A6DA100174E54 /* Base */ = {isa = PBXFileReference; lastKnownFileType = file.storyboard; name = Base; path = Base.lproj/Main.storyboard; sourceTree = "<group>"; };
		54BC22001A6A6DA100174E54 /* Images.xcassets */ = {isa = PBXFileReference; lastKnownFileType = folder.assetcatalog; path = Images.xcassets; sourceTree = "<group>"; };
		54BC22031A6A6DA100174E54 /* Base */ = {isa = PBXFileReference; lastKnownFileType = file.xib; name = Base; path = Base.lproj/LaunchScreen.xib; sourceTree = "<group>"; };
		54BC22091A6A6DA100174E54 /* GesturesTutorialTests.xctest */ = {isa = PBXFileReference; explicitFileType = wrapper.cfbundle; includeInIndex = 0; path = GesturesTutorialTests.xctest; sourceTree = BUILT_PRODUCTS_DIR; };
		54BC220E1A6A6DA100174E54 /* Info.plist */ = {isa = PBXFileReference; lastKnownFileType = text.plist.xml; path = Info.plist; sourceTree = "<group>"; };
		54BC220F1A6A6DA100174E54 /* GesturesTutorialTests.swift */ = {isa = PBXFileReference; lastKnownFileType = sourcecode.swift; path = GesturesTutorialTests.swift; sourceTree = "<group>"; };
/* End PBXFileReference section */

/* Begin PBXFrameworksBuildPhase section */
		54BC21F11A6A6DA100174E54 /* Frameworks */ = {
			isa = PBXFrameworksBuildPhase;
			buildActionMask = 2147483647;
			files = (
			);
			runOnlyForDeploymentPostprocessing = 0;
		};
		54BC22061A6A6DA100174E54 /* Frameworks */ = {
			isa = PBXFrameworksBuildPhase;
			buildActionMask = 2147483647;
			files = (
			);
			runOnlyForDeploymentPostprocessing = 0;
		};
/* End PBXFrameworksBuildPhase section */

/* Begin PBXGroup section */
		54BC21EB1A6A6DA100174E54 = {
			isa = PBXGroup;
			children = (
				54BC21F61A6A6DA100174E54 /* GesturesTutorial */,
				54BC220C1A6A6DA100174E54 /* GesturesTutorialTests */,
				54BC21F51A6A6DA100174E54 /* Products */,
			);
			sourceTree = "<group>";
		};
		54BC21F51A6A6DA100174E54 /* Products */ = {
			isa = PBXGroup;
			children = (
				54BC21F41A6A6DA100174E54 /* GesturesTutorial.app */,
				54BC22091A6A6DA100174E54 /* GesturesTutorialTests.xctest */,
			);
			name = Products;
			sourceTree = "<group>";
		};
		54BC21F61A6A6DA100174E54 /* GesturesTutorial */ = {
			isa = PBXGroup;
			children = (
				54BC21F91A6A6DA100174E54 /* AppDelegate.swift */,
				54BC21FB1A6A6DA100174E54 /* GesturesViewController.swift */,
				54BC21FD1A6A6DA100174E54 /* Main.storyboard */,
				54BC22001A6A6DA100174E54 /* Images.xcassets */,
				54BC22021A6A6DA100174E54 /* LaunchScreen.xib */,
				54BC21F71A6A6DA100174E54 /* Supporting Files */,
			);
			path = GesturesTutorial;
			sourceTree = "<group>";
		};
		54BC21F71A6A6DA100174E54 /* Supporting Files */ = {
			isa = PBXGroup;
			children = (
				54BC21F81A6A6DA100174E54 /* Info.plist */,
			);
			name = "Supporting Files";
			sourceTree = "<group>";
		};
		54BC220C1A6A6DA100174E54 /* GesturesTutorialTests */ = {
			isa = PBXGroup;
			children = (
				54BC220F1A6A6DA100174E54 /* GesturesTutorialTests.swift */,
				54BC220D1A6A6DA100174E54 /* Supporting Files */,
			);
			path = GesturesTutorialTests;
			sourceTree = "<group>";
		};
		54BC220D1A6A6DA100174E54 /* Supporting Files */ = {
			isa = PBXGroup;
			children = (
				54BC220E1A6A6DA100174E54 /* Info.plist */,
			);
			name = "Supporting Files";
			sourceTree = "<group>";
		};
/* End PBXGroup section */

/* Begin PBXNativeTarget section */
		54BC21F31A6A6DA100174E54 /* GesturesTutorial */ = {
			isa = PBXNativeTarget;
			buildConfigurationList = 54BC22131A6A6DA100174E54 /* Build configuration list for PBXNativeTarget "GesturesTutorial" */;
			buildPhases = (
				54BC21F01A6A6DA100174E54 /* Sources */,
				54BC21F11A6A6DA100174E54 /* Frameworks */,
				54BC21F21A6A6DA100174E54 /* Resources */,
			);
			buildRules = (
			);
			dependencies = (
			);
			name = GesturesTutorial;
			productName = GesturesTutorial;
			productReference = 54BC21F41A6A6DA100174E54 /* GesturesTutorial.app */;
			productType = "com.apple.product-type.application";
		};
		54BC22081A6A6DA100174E54 /* GesturesTutorialTests */ = {
			isa = PBXNativeTarget;
			buildConfigurationList = 54BC22161A6A6DA100174E54 /* Build configuration list for PBXNativeTarget "GesturesTutorialTests" */;
			buildPhases = (
				54BC22051A6A6DA100174E54 /* Sources */,
				54BC22061A6A6DA100174E54 /* Frameworks */,
				54BC22071A6A6DA100174E54 /* Resources */,
			);
			buildRules = (
			);
			dependencies = (
				54BC220B1A6A6DA100174E54 /* PBXTargetDependency */,
			);
			name = GesturesTutorialTests;
			productName = GesturesTutorialTests;
			productReference = 54BC22091A6A6DA100174E54 /* GesturesTutorialTests.xctest */;
			productType = "com.apple.product-type.bundle.unit-test";
		};
/* End PBXNativeTarget section */

/* Begin PBXProject section */
		54BC21EC1A6A6DA100174E54 /* Project object */ = {
			isa = PBXProject;
			attributes = {
				LastSwiftMigration = 0710;
				LastSwiftUpdateCheck = 0710;
				LastUpgradeCheck = 0620;
				ORGANIZATIONNAME = "Flori & Andy";
				TargetAttributes = {
					54BC21F31A6A6DA100174E54 = {
						CreatedOnToolsVersion = 6.2;
					};
					54BC22081A6A6DA100174E54 = {
						CreatedOnToolsVersion = 6.2;
						TestTargetID = 54BC21F31A6A6DA100174E54;
					};
				};
			};
			buildConfigurationList = 54BC21EF1A6A6DA100174E54 /* Build configuration list for PBXProject "GesturesTutorial" */;
			compatibilityVersion = "Xcode 3.2";
			developmentRegion = English;
			hasScannedForEncodings = 0;
			knownRegions = (
				en,
				Base,
			);
			mainGroup = 54BC21EB1A6A6DA100174E54;
			productRefGroup = 54BC21F51A6A6DA100174E54 /* Products */;
			projectDirPath = "";
			projectRoot = "";
			targets = (
				54BC21F31A6A6DA100174E54 /* GesturesTutorial */,
				54BC22081A6A6DA100174E54 /* GesturesTutorialTests */,
			);
		};
/* End PBXProject section */

/* Begin PBXResourcesBuildPhase section */
		54BC21F21A6A6DA100174E54 /* Resources */ = {
			isa = PBXResourcesBuildPhase;
			buildActionMask = 2147483647;
			files = (
				54BC21FF1A6A6DA100174E54 /* Main.storyboard in Resources */,
				54BC22041A6A6DA100174E54 /* LaunchScreen.xib in Resources */,
				54BC22011A6A6DA100174E54 /* Images.xcassets in Resources */,
			);
			runOnlyForDeploymentPostprocessing = 0;
		};
		54BC22071A6A6DA100174E54 /* Resources */ = {
			isa = PBXResourcesBuildPhase;
			buildActionMask = 2147483647;
			files = (
			);
			runOnlyForDeploymentPostprocessing = 0;
		};
/* End PBXResourcesBuildPhase section */

/* Begin PBXSourcesBuildPhase section */
		54BC21F01A6A6DA100174E54 /* Sources */ = {
			isa = PBXSourcesBuildPhase;
			buildActionMask = 2147483647;
			files = (
				54BC21FC1A6A6DA100174E54 /* GesturesViewController.swift in Sources */,
				54BC21FA1A6A6DA100174E54 /* AppDelegate.swift in Sources */,
			);
			runOnlyForDeploymentPostprocessing = 0;
		};
		54BC22051A6A6DA100174E54 /* Sources */ = {
			isa = PBXSourcesBuildPhase;
			buildActionMask = 2147483647;
			files = (
				54BC22101A6A6DA100174E54 /* GesturesTutorialTests.swift in Sources */,
			);
			runOnlyForDeploymentPostprocessing = 0;
		};
/* End PBXSourcesBuildPhase section */

/* Begin PBXTargetDependency section */
		54BC220B1A6A6DA100174E54 /* PBXTargetDependency */ = {
			isa = PBXTargetDependency;
			target = 54BC21F31A6A6DA100174E54 /* GesturesTutorial */;
			targetProxy = 54BC220A1A6A6DA100174E54 /* PBXContainerItemProxy */;
		};
/* End PBXTargetDependency section */

/* Begin PBXVariantGroup section */
		54BC21FD1A6A6DA100174E54 /* Main.storyboard */ = {
			isa = PBXVariantGroup;
			children = (
				54BC21FE1A6A6DA100174E54 /* Base */,
			);
			name = Main.storyboard;
			sourceTree = "<group>";
		};
		54BC22021A6A6DA100174E54 /* LaunchScreen.xib */ = {
			isa = PBXVariantGroup;
			children = (
				54BC22031A6A6DA100174E54 /* Base */,
			);
			name = LaunchScreen.xib;
			sourceTree = "<group>";
		};
/* End PBXVariantGroup section */

/* Begin XCBuildConfiguration section */
		54BC22111A6A6DA100174E54 /* Debug */ = {
			isa = XCBuildConfiguration;
			buildSettings = {
				ALWAYS_SEARCH_USER_PATHS = NO;
				CLANG_CXX_LANGUAGE_STANDARD = "gnu++0x";
				CLANG_CXX_LIBRARY = "libc++";
				CLANG_ENABLE_MODULES = YES;
				CLANG_ENABLE_OBJC_ARC = YES;
				CLANG_WARN_BOOL_CONVERSION = YES;
				CLANG_WARN_CONSTANT_CONVERSION = YES;
				CLANG_WARN_DIRECT_OBJC_ISA_USAGE = YES_ERROR;
				CLANG_WARN_EMPTY_BODY = YES;
				CLANG_WARN_ENUM_CONVERSION = YES;
				CLANG_WARN_INT_CONVERSION = YES;
				CLANG_WARN_OBJC_ROOT_CLASS = YES_ERROR;
				CLANG_WARN_UNREACHABLE_CODE = YES;
				CLANG_WARN__DUPLICATE_METHOD_MATCH = YES;
				"CODE_SIGN_IDENTITY[sdk=iphoneos*]" = "iPhone Developer";
				COPY_PHASE_STRIP = NO;
				ENABLE_STRICT_OBJC_MSGSEND = YES;
				GCC_C_LANGUAGE_STANDARD = gnu99;
				GCC_DYNAMIC_NO_PIC = NO;
				GCC_OPTIMIZATION_LEVEL = 0;
				GCC_PREPROCESSOR_DEFINITIONS = (
					"DEBUG=1",
					"$(inherited)",
				);
				GCC_SYMBOLS_PRIVATE_EXTERN = NO;
				GCC_WARN_64_TO_32_BIT_CONVERSION = YES;
				GCC_WARN_ABOUT_RETURN_TYPE = YES_ERROR;
				GCC_WARN_UNDECLARED_SELECTOR = YES;
				GCC_WARN_UNINITIALIZED_AUTOS = YES_AGGRESSIVE;
				GCC_WARN_UNUSED_FUNCTION = YES;
				GCC_WARN_UNUSED_VARIABLE = YES;
				IPHONEOS_DEPLOYMENT_TARGET = 8.2;
				MTL_ENABLE_DEBUG_INFO = YES;
				ONLY_ACTIVE_ARCH = YES;
				SDKROOT = iphoneos;
				SWIFT_OPTIMIZATION_LEVEL = "-Onone";
				TARGETED_DEVICE_FAMILY = 2;
			};
			name = Debug;
		};
		54BC22121A6A6DA100174E54 /* Release */ = {
			isa = XCBuildConfiguration;
			buildSettings = {
				ALWAYS_SEARCH_USER_PATHS = NO;
				CLANG_CXX_LANGUAGE_STANDARD = "gnu++0x";
				CLANG_CXX_LIBRARY = "libc++";
				CLANG_ENABLE_MODULES = YES;
				CLANG_ENABLE_OBJC_ARC = YES;
				CLANG_WARN_BOOL_CONVERSION = YES;
				CLANG_WARN_CONSTANT_CONVERSION = YES;
				CLANG_WARN_DIRECT_OBJC_ISA_USAGE = YES_ERROR;
				CLANG_WARN_EMPTY_BODY = YES;
				CLANG_WARN_ENUM_CONVERSION = YES;
				CLANG_WARN_INT_CONVERSION = YES;
				CLANG_WARN_OBJC_ROOT_CLASS = YES_ERROR;
				CLANG_WARN_UNREACHABLE_CODE = YES;
				CLANG_WARN__DUPLICATE_METHOD_MATCH = YES;
				"CODE_SIGN_IDENTITY[sdk=iphoneos*]" = "iPhone Developer";
				COPY_PHASE_STRIP = NO;
				ENABLE_NS_ASSERTIONS = NO;
				ENABLE_STRICT_OBJC_MSGSEND = YES;
				GCC_C_LANGUAGE_STANDARD = gnu99;
				GCC_WARN_64_TO_32_BIT_CONVERSION = YES;
				GCC_WARN_ABOUT_RETURN_TYPE = YES_ERROR;
				GCC_WARN_UNDECLARED_SELECTOR = YES;
				GCC_WARN_UNINITIALIZED_AUTOS = YES_AGGRESSIVE;
				GCC_WARN_UNUSED_FUNCTION = YES;
				GCC_WARN_UNUSED_VARIABLE = YES;
				IPHONEOS_DEPLOYMENT_TARGET = 8.2;
				MTL_ENABLE_DEBUG_INFO = NO;
				SDKROOT = iphoneos;
				TARGETED_DEVICE_FAMILY = 2;
				VALIDATE_PRODUCT = YES;
			};
			name = Release;
		};
		54BC22141A6A6DA100174E54 /* Debug */ = {
			isa = XCBuildConfiguration;
			buildSettings = {
				ASSETCATALOG_COMPILER_APPICON_NAME = AppIcon;
				INFOPLIST_FILE = GesturesTutorial/Info.plist;
				IPHONEOS_DEPLOYMENT_TARGET = 9.1;
				LD_RUNPATH_SEARCH_PATHS = "$(inherited) @executable_path/Frameworks";
				PRODUCT_NAME = "$(TARGET_NAME)";
			};
			name = Debug;
		};
		54BC22151A6A6DA100174E54 /* Release */ = {
			isa = XCBuildConfiguration;
			buildSettings = {
				ASSETCATALOG_COMPILER_APPICON_NAME = AppIcon;
				INFOPLIST_FILE = GesturesTutorial/Info.plist;
				IPHONEOS_DEPLOYMENT_TARGET = 9.1;
				LD_RUNPATH_SEARCH_PATHS = "$(inherited) @executable_path/Frameworks";
				PRODUCT_NAME = "$(TARGET_NAME)";
			};
			name = Release;
		};
		54BC22171A6A6DA100174E54 /* Debug */ = {
			isa = XCBuildConfiguration;
			buildSettings = {
				BUNDLE_LOADER = "$(TEST_HOST)";
				FRAMEWORK_SEARCH_PATHS = (
					"$(SDKROOT)/Developer/Library/Frameworks",
					"$(inherited)",
				);
				GCC_PREPROCESSOR_DEFINITIONS = (
					"DEBUG=1",
					"$(inherited)",
				);
				INFOPLIST_FILE = GesturesTutorialTests/Info.plist;
				LD_RUNPATH_SEARCH_PATHS = "$(inherited) @executable_path/Frameworks @loader_path/Frameworks";
				PRODUCT_NAME = "$(TARGET_NAME)";
				TEST_HOST = "$(BUILT_PRODUCTS_DIR)/GesturesTutorial.app/GesturesTutorial";
			};
			name = Debug;
		};
		54BC22181A6A6DA100174E54 /* Release */ = {
			isa = XCBuildConfiguration;
			buildSettings = {
				BUNDLE_LOADER = "$(TEST_HOST)";
				FRAMEWORK_SEARCH_PATHS = (
					"$(SDKROOT)/Developer/Library/Frameworks",
					"$(inherited)",
				);
				INFOPLIST_FILE = GesturesTutorialTests/Info.plist;
				LD_RUNPATH_SEARCH_PATHS = "$(inherited) @executable_path/Frameworks @loader_path/Frameworks";
				PRODUCT_NAME = "$(TARGET_NAME)";
				TEST_HOST = "$(BUILT_PRODUCTS_DIR)/GesturesTutorial.app/GesturesTutorial";
			};
			name = Release;
		};
/* End XCBuildConfiguration section */

/* Begin XCConfigurationList section */
		54BC21EF1A6A6DA100174E54 /* Build configuration list for PBXProject "GesturesTutorial" */ = {
			isa = XCConfigurationList;
			buildConfigurations = (
				54BC22111A6A6DA100174E54 /* Debug */,
				54BC22121A6A6DA100174E54 /* Release */,
			);
			defaultConfigurationIsVisible = 0;
			defaultConfigurationName = Release;
		};
		54BC22131A6A6DA100174E54 /* Build configuration list for PBXNativeTarget "GesturesTutorial" */ = {
			isa = XCConfigurationList;
			buildConfigurations = (
				54BC22141A6A6DA100174E54 /* Debug */,
				54BC22151A6A6DA100174E54 /* Release */,
			);
			defaultConfigurationIsVisible = 0;
			defaultConfigurationName = Release;
		};
		54BC22161A6A6DA100174E54 /* Build configuration list for PBXNativeTarget "GesturesTutorialTests" */ = {
			isa = XCConfigurationList;
			buildConfigurations = (
				54BC22171A6A6DA100174E54 /* Debug */,
				54BC22181A6A6DA100174E54 /* Release */,
			);
			defaultConfigurationIsVisible = 0;
			defaultConfigurationName = Release;
		};
/* End XCConfigurationList section */
	};
	rootObject = 54BC21EC1A6A6DA100174E54 /* Project object */;
}
