// !$*UTF8*$!
{
	archiveVersion = 1;
	classes = {
	};
	objectVersion = 46;
	objects = {

/* Begin PBXBuildFile section */
		542F2A221C17334100F25C43 /* SettingsViewController.swift in Sources */ = {isa = PBXBuildFile; fileRef = 542F2A211C17334100F25C43 /* SettingsViewController.swift */; };
		54652DC31C09BFD20005D157 /* AppDelegate.swift in Sources */ = {isa = PBXBuildFile; fileRef = 54652DC21C09BFD20005D157 /* AppDelegate.swift */; };
		54652DC51C09BFD20005D157 /* TouchViewController.swift in Sources */ = {isa = PBXBuildFile; fileRef = 54652DC41C09BFD20005D157 /* TouchViewController.swift */; };
		54652DC81C09BFD20005D157 /* Main.storyboard in Resources */ = {isa = PBXBuildFile; fileRef = 54652DC61C09BFD20005D157 /* Main.storyboard */; };
		54652DCA1C09BFD20005D157 /* Assets.xcassets in Resources */ = {isa = PBXBuildFile; fileRef = 54652DC91C09BFD20005D157 /* Assets.xcassets */; };
		54652DCD1C09BFD20005D157 /* LaunchScreen.storyboard in Resources */ = {isa = PBXBuildFile; fileRef = 54652DCB1C09BFD20005D157 /* LaunchScreen.storyboard */; };
/* End PBXBuildFile section */

/* Begin PBXFileReference section */
		542F2A211C17334100F25C43 /* SettingsViewController.swift */ = {isa = PBXFileReference; fileEncoding = 4; lastKnownFileType = sourcecode.swift; path = SettingsViewController.swift; sourceTree = "<group>"; };
		54652DBF1C09BFD20005D157 /* TouchPainter.app */ = {isa = PBXFileReference; explicitFileType = wrapper.application; includeInIndex = 0; path = TouchPainter.app; sourceTree = BUILT_PRODUCTS_DIR; };
		54652DC21C09BFD20005D157 /* AppDelegate.swift */ = {isa = PBXFileReference; lastKnownFileType = sourcecode.swift; path = AppDelegate.swift; sourceTree = "<group>"; };
		54652DC41C09BFD20005D157 /* TouchViewController.swift */ = {isa = PBXFileReference; lastKnownFileType = sourcecode.swift; path = TouchViewController.swift; sourceTree = "<group>"; };
		54652DC71C09BFD20005D157 /* Base */ = {isa = PBXFileReference; lastKnownFileType = file.storyboard; name = Base; path = Base.lproj/Main.storyboard; sourceTree = "<group>"; };
		54652DC91C09BFD20005D157 /* Assets.xcassets */ = {isa = PBXFileReference; lastKnownFileType = folder.assetcatalog; path = Assets.xcassets; sourceTree = "<group>"; };
		54652DCC1C09BFD20005D157 /* Base */ = {isa = PBXFileReference; lastKnownFileType = file.storyboard; name = Base; path = Base.lproj/LaunchScreen.storyboard; sourceTree = "<group>"; };
		54652DCE1C09BFD20005D157 /* Info.plist */ = {isa = PBXFileReference; lastKnownFileType = text.plist.xml; path = Info.plist; sourceTree = "<group>"; };
/* End PBXFileReference section */

/* Begin PBXFrameworksBuildPhase section */
		54652DBC1C09BFD20005D157 /* Frameworks */ = {
			isa = PBXFrameworksBuildPhase;
			buildActionMask = 2147483647;
			files = (
			);
			runOnlyForDeploymentPostprocessing = 0;
		};
/* End PBXFrameworksBuildPhase section */

/* Begin PBXGroup section */
		54652DB61C09BFD20005D157 = {
			isa = PBXGroup;
			children = (
				54652DC11C09BFD20005D157 /* TouchPainter */,
				54652DC01C09BFD20005D157 /* Products */,
			);
			sourceTree = "<group>";
		};
		54652DC01C09BFD20005D157 /* Products */ = {
			isa = PBXGroup;
			children = (
				54652DBF1C09BFD20005D157 /* TouchPainter.app */,
			);
			name = Products;
			sourceTree = "<group>";
		};
		54652DC11C09BFD20005D157 /* TouchPainter */ = {
			isa = PBXGroup;
			children = (
				54652DC21C09BFD20005D157 /* AppDelegate.swift */,
				54652DC41C09BFD20005D157 /* TouchViewController.swift */,
				54652DC61C09BFD20005D157 /* Main.storyboard */,
				542F2A211C17334100F25C43 /* SettingsViewController.swift */,
				54652DC91C09BFD20005D157 /* Assets.xcassets */,
				54652DCB1C09BFD20005D157 /* LaunchScreen.storyboard */,
				54652DCE1C09BFD20005D157 /* Info.plist */,
			);
			path = TouchPainter;
			sourceTree = "<group>";
		};
/* End PBXGroup section */

/* Begin PBXNativeTarget section */
		54652DBE1C09BFD20005D157 /* TouchPainter */ = {
			isa = PBXNativeTarget;
			buildConfigurationList = 54652DD11C09BFD20005D157 /* Build configuration list for PBXNativeTarget "TouchPainter" */;
			buildPhases = (
				54652DBB1C09BFD20005D157 /* Sources */,
				54652DBC1C09BFD20005D157 /* Frameworks */,
				54652DBD1C09BFD20005D157 /* Resources */,
			);
			buildRules = (
			);
			dependencies = (
			);
			name = TouchPainter;
			productName = TouchPainter;
			productReference = 54652DBF1C09BFD20005D157 /* TouchPainter.app */;
			productType = "com.apple.product-type.application";
		};
/* End PBXNativeTarget section */

/* Begin PBXProject section */
		54652DB71C09BFD20005D157 /* Project object */ = {
			isa = PBXProject;
			attributes = {
				LastSwiftUpdateCheck = 0710;
				LastUpgradeCheck = 0710;
				ORGANIZATIONNAME = "Flori & Andy";
				TargetAttributes = {
					54652DBE1C09BFD20005D157 = {
						CreatedOnToolsVersion = 7.1.1;
					};
				};
			};
			buildConfigurationList = 54652DBA1C09BFD20005D157 /* Build configuration list for PBXProject "TouchPainter" */;
			compatibilityVersion = "Xcode 3.2";
			developmentRegion = English;
			hasScannedForEncodings = 0;
			knownRegions = (
				en,
				Base,
			);
			mainGroup = 54652DB61C09BFD20005D157;
			productRefGroup = 54652DC01C09BFD20005D157 /* Products */;
			projectDirPath = "";
			projectRoot = "";
			targets = (
				54652DBE1C09BFD20005D157 /* TouchPainter */,
			);
		};
/* End PBXProject section */

/* Begin PBXResourcesBuildPhase section */
		54652DBD1C09BFD20005D157 /* Resources */ = {
			isa = PBXResourcesBuildPhase;
			buildActionMask = 2147483647;
			files = (
				54652DCD1C09BFD20005D157 /* LaunchScreen.storyboard in Resources */,
				54652DCA1C09BFD20005D157 /* Assets.xcassets in Resources */,
				54652DC81C09BFD20005D157 /* Main.storyboard in Resources */,
			);
			runOnlyForDeploymentPostprocessing = 0;
		};
/* End PBXResourcesBuildPhase section */

/* Begin PBXSourcesBuildPhase section */
		54652DBB1C09BFD20005D157 /* Sources */ = {
			isa = PBXSourcesBuildPhase;
			buildActionMask = 2147483647;
			files = (
				54652DC51C09BFD20005D157 /* TouchViewController.swift in Sources */,
				54652DC31C09BFD20005D157 /* AppDelegate.swift in Sources */,
				542F2A221C17334100F25C43 /* SettingsViewController.swift in Sources */,
			);
			runOnlyForDeploymentPostprocessing = 0;
		};
/* End PBXSourcesBuildPhase section */

/* Begin PBXVariantGroup section */
		54652DC61C09BFD20005D157 /* Main.storyboard */ = {
			isa = PBXVariantGroup;
			children = (
				54652DC71C09BFD20005D157 /* Base */,
			);
			name = Main.storyboard;
			sourceTree = "<group>";
		};
		54652DCB1C09BFD20005D157 /* LaunchScreen.storyboard */ = {
			isa = PBXVariantGroup;
			children = (
				54652DCC1C09BFD20005D157 /* Base */,
			);
			name = LaunchScreen.storyboard;
			sourceTree = "<group>";
		};
/* End PBXVariantGroup section */

/* Begin XCBuildConfiguration section */
		54652DCF1C09BFD20005D157 /* Debug */ = {
			isa = XCBuildConfiguration;
			buildSettings = {
				ALWAYS_SEARCH_USER_PATHS = NO;
				CLANG_CXX_LANGUAGE_STANDARD = "gnu++0x";
				CLANG_CXX_LIBRARY = "libc++";
				CLANG_ENABLE_MODULES = YES;
				CLANG_ENABLE_OBJC_ARC = YES;
				CLANG_WARN_BOOL_CONVERSION = YES;
				CLANG_WARN_CONSTANT_CONVERSION = YES;
				CLANG_WARN_DIRECT_OBJC_ISA_USAGE = YES_ERROR;
				CLANG_WARN_EMPTY_BODY = YES;
				CLANG_WARN_ENUM_CONVERSION = YES;
				CLANG_WARN_INT_CONVERSION = YES;
				CLANG_WARN_OBJC_ROOT_CLASS = YES_ERROR;
				CLANG_WARN_UNREACHABLE_CODE = YES;
				CLANG_WARN__DUPLICATE_METHOD_MATCH = YES;
				"CODE_SIGN_IDENTITY[sdk=iphoneos*]" = "iPhone Developer";
				COPY_PHASE_STRIP = NO;
				DEBUG_INFORMATION_FORMAT = dwarf;
				ENABLE_STRICT_OBJC_MSGSEND = YES;
				ENABLE_TESTABILITY = YES;
				GCC_C_LANGUAGE_STANDARD = gnu99;
				GCC_DYNAMIC_NO_PIC = NO;
				GCC_NO_COMMON_BLOCKS = YES;
				GCC_OPTIMIZATION_LEVEL = 0;
				GCC_PREPROCESSOR_DEFINITIONS = (
					"DEBUG=1",
					"$(inherited)",
				);
				GCC_WARN_64_TO_32_BIT_CONVERSION = YES;
				GCC_WARN_ABOUT_RETURN_TYPE = YES_ERROR;
				GCC_WARN_UNDECLARED_SELECTOR = YES;
				GCC_WARN_UNINITIALIZED_AUTOS = YES_AGGRESSIVE;
				GCC_WARN_UNUSED_FUNCTION = YES;
				GCC_WARN_UNUSED_VARIABLE = YES;
				IPHONEOS_DEPLOYMENT_TARGET = 9.1;
				MTL_ENABLE_DEBUG_INFO = YES;
				ONLY_ACTIVE_ARCH = YES;
				SDKROOT = iphoneos;
				SWIFT_OPTIMIZATION_LEVEL = "-Onone";
				TARGETED_DEVICE_FAMILY = "1,2";
			};
			name = Debug;
		};
		54652DD01C09BFD20005D157 /* Release */ = {
			isa = XCBuildConfiguration;
			buildSettings = {
				ALWAYS_SEARCH_USER_PATHS = NO;
				CLANG_CXX_LANGUAGE_STANDARD = "gnu++0x";
				CLANG_CXX_LIBRARY = "libc++";
				CLANG_ENABLE_MODULES = YES;
				CLANG_ENABLE_OBJC_ARC = YES;
				CLANG_WARN_BOOL_CONVERSION = YES;
				CLANG_WARN_CONSTANT_CONVERSION = YES;
				CLANG_WARN_DIRECT_OBJC_ISA_USAGE = YES_ERROR;
				CLANG_WARN_EMPTY_BODY = YES;
				CLANG_WARN_ENUM_CONVERSION = YES;
				CLANG_WARN_INT_CONVERSION = YES;
				CLANG_WARN_OBJC_ROOT_CLASS = YES_ERROR;
				CLANG_WARN_UNREACHABLE_CODE = YES;
				CLANG_WARN__DUPLICATE_METHOD_MATCH = YES;
				"CODE_SIGN_IDENTITY[sdk=iphoneos*]" = "iPhone Developer";
				COPY_PHASE_STRIP = NO;
				DEBUG_INFORMATION_FORMAT = "dwarf-with-dsym";
				ENABLE_NS_ASSERTIONS = NO;
				ENABLE_STRICT_OBJC_MSGSEND = YES;
				GCC_C_LANGUAGE_STANDARD = gnu99;
				GCC_NO_COMMON_BLOCKS = YES;
				GCC_WARN_64_TO_32_BIT_CONVERSION = YES;
				GCC_WARN_ABOUT_RETURN_TYPE = YES_ERROR;
				GCC_WARN_UNDECLARED_SELECTOR = YES;
				GCC_WARN_UNINITIALIZED_AUTOS = YES_AGGRESSIVE;
				GCC_WARN_UNUSED_FUNCTION = YES;
				GCC_WARN_UNUSED_VARIABLE = YES;
				IPHONEOS_DEPLOYMENT_TARGET = 9.1;
				MTL_ENABLE_DEBUG_INFO = NO;
				SDKROOT = iphoneos;
				TARGETED_DEVICE_FAMILY = "1,2";
				VALIDATE_PRODUCT = YES;
			};
			name = Release;
		};
		54652DD21C09BFD20005D157 /* Debug */ = {
			isa = XCBuildConfiguration;
			buildSettings = {
				ASSETCATALOG_COMPILER_APPICON_NAME = AppIcon;
				INFOPLIST_FILE = TouchPainter/Info.plist;
				LD_RUNPATH_SEARCH_PATHS = "$(inherited) @executable_path/Frameworks";
				PRODUCT_BUNDLE_IDENTIFIER = de.pandaandape.TouchPainter;
				PRODUCT_NAME = "$(TARGET_NAME)";
			};
			name = Debug;
		};
		54652DD31C09BFD20005D157 /* Release */ = {
			isa = XCBuildConfiguration;
			buildSettings = {
				ASSETCATALOG_COMPILER_APPICON_NAME = AppIcon;
				INFOPLIST_FILE = TouchPainter/Info.plist;
				LD_RUNPATH_SEARCH_PATHS = "$(inherited) @executable_path/Frameworks";
				PRODUCT_BUNDLE_IDENTIFIER = de.pandaandape.TouchPainter;
				PRODUCT_NAME = "$(TARGET_NAME)";
			};
			name = Release;
		};
/* End XCBuildConfiguration section */

/* Begin XCConfigurationList section */
		54652DBA1C09BFD20005D157 /* Build configuration list for PBXProject "TouchPainter" */ = {
			isa = XCConfigurationList;
			buildConfigurations = (
				54652DCF1C09BFD20005D157 /* Debug */,
				54652DD01C09BFD20005D157 /* Release */,
			);
			defaultConfigurationIsVisible = 0;
			defaultConfigurationName = Release;
		};
		54652DD11C09BFD20005D157 /* Build configuration list for PBXNativeTarget "TouchPainter" */ = {
			isa = XCConfigurationList;
			buildConfigurations = (
				54652DD21C09BFD20005D157 /* Debug */,
				54652DD31C09BFD20005D157 /* Release */,
			);
			defaultConfigurationIsVisible = 0;
			defaultConfigurationName = Release;
		};
/* End XCConfigurationList section */
	};
	rootObject = 54652DB71C09BFD20005D157 /* Project object */;
}
